// !$*UTF8*$!
{
	archiveVersion = 1;
	classes = {
	};
	objectVersion = 46;
	objects = {

/* Begin PBXBuildFile section */
		9640DFA41EBE6FF00026CB77 /* ExploreViewController.swift in Sources */ = {isa = PBXBuildFile; fileRef = 9640DFA31EBE6FF00026CB77 /* ExploreViewController.swift */; };
		9640DFA61EBEAFA00026CB77 /* ExploreItem.swift in Sources */ = {isa = PBXBuildFile; fileRef = 9640DFA51EBEAFA00026CB77 /* ExploreItem.swift */; };
		964E7D171EBD7EBF003B2CFD /* AppDelegate.swift in Sources */ = {isa = PBXBuildFile; fileRef = 964E7D161EBD7EBF003B2CFD /* AppDelegate.swift */; };
		964E7D1C1EBD7EBF003B2CFD /* Main.storyboard in Resources */ = {isa = PBXBuildFile; fileRef = 964E7D1A1EBD7EBF003B2CFD /* Main.storyboard */; };
		964E7D211EBD7EBF003B2CFD /* LaunchScreen.storyboard in Resources */ = {isa = PBXBuildFile; fileRef = 964E7D1F1EBD7EBF003B2CFD /* LaunchScreen.storyboard */; };
		964E7D291EBD80D2003B2CFD /* assets.xcassets in Resources */ = {isa = PBXBuildFile; fileRef = 964E7D281EBD80D2003B2CFD /* assets.xcassets */; };
		964E7D3B1EBD99E6003B2CFD /* MapKit.framework in Frameworks */ = {isa = PBXBuildFile; fileRef = 964E7D3A1EBD99E6003B2CFD /* MapKit.framework */; };
		964E7D3D1EBD9A9C003B2CFD /* Explore.storyboard in Resources */ = {isa = PBXBuildFile; fileRef = 964E7D3C1EBD9A9C003B2CFD /* Explore.storyboard */; };
		964E7D401EBD9AF6003B2CFD /* Map.storyboard in Resources */ = {isa = PBXBuildFile; fileRef = 964E7D3E1EBD9AF6003B2CFD /* Map.storyboard */; };
		965F64751EBF75EF0056060F /* ExploreData.plist in Resources */ = {isa = PBXBuildFile; fileRef = 965F64741EBF75EF0056060F /* ExploreData.plist */; };
		965F64771EBF77550056060F /* ExploreDataManager.swift in Sources */ = {isa = PBXBuildFile; fileRef = 965F64761EBF77550056060F /* ExploreDataManager.swift */; };
		965F64791EBF7C2B0056060F /* ExploreCell.swift in Sources */ = {isa = PBXBuildFile; fileRef = 965F64781EBF7C2B0056060F /* ExploreCell.swift */; };
		965F647E1EBF81CD0056060F /* RestaurantListViewController.swift in Sources */ = {isa = PBXBuildFile; fileRef = 965F647D1EBF81CD0056060F /* RestaurantListViewController.swift */; };
		965F64831EBF8D3A0056060F /* LocationViewController.swift in Sources */ = {isa = PBXBuildFile; fileRef = 965F64821EBF8D3A0056060F /* LocationViewController.swift */; };
		965F64851EBF90490056060F /* Location.plist in Resources */ = {isa = PBXBuildFile; fileRef = 965F64841EBF90490056060F /* Location.plist */; };
		965F64871EBF91520056060F /* LocationDataManager.swift in Sources */ = {isa = PBXBuildFile; fileRef = 965F64861EBF91520056060F /* LocationDataManager.swift */; };
		965F648C1EC0016F0056060F /* MapLocations.plist in Resources */ = {isa = PBXBuildFile; fileRef = 965F648B1EC0016F0056060F /* MapLocations.plist */; };
		965F648E1EC003E60056060F /* RestaurantAnnotation.swift in Sources */ = {isa = PBXBuildFile; fileRef = 965F648D1EC003E60056060F /* RestaurantAnnotation.swift */; };
		965F64901EC008FC0056060F /* MapDataManager.swift in Sources */ = {isa = PBXBuildFile; fileRef = 965F648F1EC008FC0056060F /* MapDataManager.swift */; };
		965F64931EC00D0D0056060F /* DataManager.swift in Sources */ = {isa = PBXBuildFile; fileRef = 965F64921EC00D0D0056060F /* DataManager.swift */; };
		965F64951EC00F6D0056060F /* MapViewController.swift in Sources */ = {isa = PBXBuildFile; fileRef = 965F64941EC00F6D0056060F /* MapViewController.swift */; };
		965F64971EC028140056060F /* RestaurantDetail.storyboard in Resources */ = {isa = PBXBuildFile; fileRef = 965F64961EC028140056060F /* RestaurantDetail.storyboard */; };
/* End PBXBuildFile section */

/* Begin PBXFileReference section */
		9640DFA31EBE6FF00026CB77 /* ExploreViewController.swift */ = {isa = PBXFileReference; fileEncoding = 4; lastKnownFileType = sourcecode.swift; path = ExploreViewController.swift; sourceTree = "<group>"; };
		9640DFA51EBEAFA00026CB77 /* ExploreItem.swift */ = {isa = PBXFileReference; fileEncoding = 4; lastKnownFileType = sourcecode.swift; path = ExploreItem.swift; sourceTree = "<group>"; };
		964E7D131EBD7EBF003B2CFD /* LetsEat.app */ = {isa = PBXFileReference; explicitFileType = wrapper.application; includeInIndex = 0; path = LetsEat.app; sourceTree = BUILT_PRODUCTS_DIR; };
		964E7D161EBD7EBF003B2CFD /* AppDelegate.swift */ = {isa = PBXFileReference; lastKnownFileType = sourcecode.swift; path = AppDelegate.swift; sourceTree = "<group>"; };
		964E7D1B1EBD7EBF003B2CFD /* Base */ = {isa = PBXFileReference; lastKnownFileType = file.storyboard; name = Base; path = Base.lproj/Main.storyboard; sourceTree = "<group>"; };
		964E7D201EBD7EBF003B2CFD /* Base */ = {isa = PBXFileReference; lastKnownFileType = file.storyboard; name = Base; path = Base.lproj/LaunchScreen.storyboard; sourceTree = "<group>"; };
		964E7D221EBD7EBF003B2CFD /* Info.plist */ = {isa = PBXFileReference; lastKnownFileType = text.plist.xml; path = Info.plist; sourceTree = "<group>"; };
		964E7D281EBD80D2003B2CFD /* assets.xcassets */ = {isa = PBXFileReference; lastKnownFileType = folder.assetcatalog; path = assets.xcassets; sourceTree = "<group>"; };
		964E7D3A1EBD99E6003B2CFD /* MapKit.framework */ = {isa = PBXFileReference; lastKnownFileType = wrapper.framework; name = MapKit.framework; path = System/Library/Frameworks/MapKit.framework; sourceTree = SDKROOT; };
		964E7D3C1EBD9A9C003B2CFD /* Explore.storyboard */ = {isa = PBXFileReference; fileEncoding = 4; lastKnownFileType = file.storyboard; path = Explore.storyboard; sourceTree = "<group>"; };
		964E7D3F1EBD9AF6003B2CFD /* Base */ = {isa = PBXFileReference; lastKnownFileType = file.storyboard; name = Base; path = Base.lproj/Map.storyboard; sourceTree = "<group>"; };
		965F64741EBF75EF0056060F /* ExploreData.plist */ = {isa = PBXFileReference; fileEncoding = 4; lastKnownFileType = text.plist.xml; path = ExploreData.plist; sourceTree = "<group>"; };
		965F64761EBF77550056060F /* ExploreDataManager.swift */ = {isa = PBXFileReference; fileEncoding = 4; lastKnownFileType = sourcecode.swift; path = ExploreDataManager.swift; sourceTree = "<group>"; };
		965F64781EBF7C2B0056060F /* ExploreCell.swift */ = {isa = PBXFileReference; fileEncoding = 4; lastKnownFileType = sourcecode.swift; path = ExploreCell.swift; sourceTree = "<group>"; };
		965F647D1EBF81CD0056060F /* RestaurantListViewController.swift */ = {isa = PBXFileReference; fileEncoding = 4; lastKnownFileType = sourcecode.swift; path = RestaurantListViewController.swift; sourceTree = "<group>"; };
		965F64821EBF8D3A0056060F /* LocationViewController.swift */ = {isa = PBXFileReference; fileEncoding = 4; lastKnownFileType = sourcecode.swift; path = LocationViewController.swift; sourceTree = "<group>"; };
		965F64841EBF90490056060F /* Location.plist */ = {isa = PBXFileReference; fileEncoding = 4; lastKnownFileType = text.plist.xml; path = Location.plist; sourceTree = "<group>"; };
		965F64861EBF91520056060F /* LocationDataManager.swift */ = {isa = PBXFileReference; fileEncoding = 4; lastKnownFileType = sourcecode.swift; path = LocationDataManager.swift; sourceTree = "<group>"; };
		965F648B1EC0016F0056060F /* MapLocations.plist */ = {isa = PBXFileReference; fileEncoding = 4; lastKnownFileType = text.plist.xml; path = MapLocations.plist; sourceTree = "<group>"; };
		965F648D1EC003E60056060F /* RestaurantAnnotation.swift */ = {isa = PBXFileReference; fileEncoding = 4; lastKnownFileType = sourcecode.swift; path = RestaurantAnnotation.swift; sourceTree = "<group>"; };
		965F648F1EC008FC0056060F /* MapDataManager.swift */ = {isa = PBXFileReference; fileEncoding = 4; lastKnownFileType = sourcecode.swift; path = MapDataManager.swift; sourceTree = "<group>"; };
		965F64921EC00D0D0056060F /* DataManager.swift */ = {isa = PBXFileReference; fileEncoding = 4; lastKnownFileType = sourcecode.swift; path = DataManager.swift; sourceTree = "<group>"; };
		965F64941EC00F6D0056060F /* MapViewController.swift */ = {isa = PBXFileReference; fileEncoding = 4; lastKnownFileType = sourcecode.swift; path = MapViewController.swift; sourceTree = "<group>"; };
		965F64961EC028140056060F /* RestaurantDetail.storyboard */ = {isa = PBXFileReference; fileEncoding = 4; lastKnownFileType = file.storyboard; path = RestaurantDetail.storyboard; sourceTree = "<group>"; };
/* End PBXFileReference section */

/* Begin PBXFrameworksBuildPhase section */
		964E7D101EBD7EBF003B2CFD /* Frameworks */ = {
			isa = PBXFrameworksBuildPhase;
			buildActionMask = 2147483647;
			files = (
				964E7D3B1EBD99E6003B2CFD /* MapKit.framework in Frameworks */,
			);
			runOnlyForDeploymentPostprocessing = 0;
		};
/* End PBXFrameworksBuildPhase section */

/* Begin PBXGroup section */
		9640DFA01EBE69E90026CB77 /* Controller */ = {
			isa = PBXGroup;
			children = (
				9640DFA31EBE6FF00026CB77 /* ExploreViewController.swift */,
			);
			name = Controller;
			sourceTree = "<group>";
		};
		9640DFA11EBE69F50026CB77 /* View */ = {
			isa = PBXGroup;
			children = (
				965F64781EBF7C2B0056060F /* ExploreCell.swift */,
			);
			name = View;
			sourceTree = "<group>";
		};
		9640DFA21EBE69FB0026CB77 /* Model */ = {
			isa = PBXGroup;
			children = (
				965F64741EBF75EF0056060F /* ExploreData.plist */,
				9640DFA51EBEAFA00026CB77 /* ExploreItem.swift */,
				965F64761EBF77550056060F /* ExploreDataManager.swift */,
			);
			name = Model;
			sourceTree = "<group>";
		};
		964E7D0A1EBD7EBF003B2CFD = {
			isa = PBXGroup;
			children = (
				964E7D151EBD7EBF003B2CFD /* LetsEat */,
				964E7D141EBD7EBF003B2CFD /* Products */,
				964E7D391EBD99E6003B2CFD /* Frameworks */,
			);
			sourceTree = "<group>";
		};
		964E7D141EBD7EBF003B2CFD /* Products */ = {
			isa = PBXGroup;
			children = (
				964E7D131EBD7EBF003B2CFD /* LetsEat.app */,
			);
			name = Products;
			sourceTree = "<group>";
		};
		964E7D151EBD7EBF003B2CFD /* LetsEat */ = {
			isa = PBXGroup;
			children = (
				964E7D421EBD9C0E003B2CFD /* Application */,
				964E7D411EBD9C05003B2CFD /* Assets */,
			);
			path = LetsEat;
			sourceTree = "<group>";
		};
		964E7D391EBD99E6003B2CFD /* Frameworks */ = {
			isa = PBXGroup;
			children = (
				964E7D3A1EBD99E6003B2CFD /* MapKit.framework */,
			);
			name = Frameworks;
			sourceTree = "<group>";
		};
		964E7D411EBD9C05003B2CFD /* Assets */ = {
			isa = PBXGroup;
			children = (
				964E7D221EBD7EBF003B2CFD /* Info.plist */,
				964E7D441EBD9C2E003B2CFD /* Storyboard */,
				964E7D431EBD9C1B003B2CFD /* Images */,
			);
			name = Assets;
			sourceTree = "<group>";
		};
		964E7D421EBD9C0E003B2CFD /* Application */ = {
			isa = PBXGroup;
			children = (
				964E7D4C1EBD9CCA003B2CFD /* Main */,
				964E7D4B1EBD9CBF003B2CFD /* Explore */,
				964E7D4A1EBD9CB0003B2CFD /* Restaurant */,
				964E7D491EBD9CA9003B2CFD /* Map */,
				964E7D481EBD9C7E003B2CFD /* Location */,
				964E7D471EBD9C72003B2CFD /* Review */,
				964E7D461EBD9C55003B2CFD /* Review List */,
				964E7D451EBD9C47003B2CFD /* Common */,
			);
			name = Application;
			sourceTree = "<group>";
		};
		964E7D431EBD9C1B003B2CFD /* Images */ = {
			isa = PBXGroup;
			children = (
				964E7D281EBD80D2003B2CFD /* assets.xcassets */,
			);
			name = Images;
			sourceTree = "<group>";
		};
		964E7D441EBD9C2E003B2CFD /* Storyboard */ = {
			isa = PBXGroup;
			children = (
				964E7D3C1EBD9A9C003B2CFD /* Explore.storyboard */,
				965F64961EC028140056060F /* RestaurantDetail.storyboard */,
				964E7D1A1EBD7EBF003B2CFD /* Main.storyboard */,
				964E7D3E1EBD9AF6003B2CFD /* Map.storyboard */,
				964E7D1F1EBD7EBF003B2CFD /* LaunchScreen.storyboard */,
			);
			name = Storyboard;
			sourceTree = "<group>";
		};
		964E7D451EBD9C47003B2CFD /* Common */ = {
			isa = PBXGroup;
			children = (
				965F64911EC00CF60056060F /* Misc */,
			);
			name = Common;
			sourceTree = "<group>";
		};
		964E7D461EBD9C55003B2CFD /* Review List */ = {
			isa = PBXGroup;
			children = (
			);
			name = "Review List";
			sourceTree = "<group>";
		};
		964E7D471EBD9C72003B2CFD /* Review */ = {
			isa = PBXGroup;
			children = (
			);
			name = Review;
			sourceTree = "<group>";
		};
		964E7D481EBD9C7E003B2CFD /* Location */ = {
			isa = PBXGroup;
			children = (
				965F64811EBF8D1C0056060F /* Model */,
				965F64801EBF8D140056060F /* View */,
				965F647F1EBF8D060056060F /* Controller */,
			);
			name = Location;
			sourceTree = "<group>";
		};
		964E7D491EBD9CA9003B2CFD /* Map */ = {
			isa = PBXGroup;
			children = (
				965F648A1EC0012C0056060F /* Model */,
				965F64881EC0004F0056060F /* Controller */,
			);
			name = Map;
			sourceTree = "<group>";
		};
		964E7D4A1EBD9CB0003B2CFD /* Restaurant */ = {
			isa = PBXGroup;
			children = (
				965F647A1EBF81700056060F /* Restaurant List */,
			);
			name = Restaurant;
			sourceTree = "<group>";
		};
		964E7D4B1EBD9CBF003B2CFD /* Explore */ = {
			isa = PBXGroup;
			children = (
				9640DFA21EBE69FB0026CB77 /* Model */,
				9640DFA11EBE69F50026CB77 /* View */,
				9640DFA01EBE69E90026CB77 /* Controller */,
			);
			name = Explore;
			sourceTree = "<group>";
		};
		964E7D4C1EBD9CCA003B2CFD /* Main */ = {
			isa = PBXGroup;
			children = (
				964E7D161EBD7EBF003B2CFD /* AppDelegate.swift */,
			);
			name = Main;
			sourceTree = "<group>";
		};
		965F647A1EBF81700056060F /* Restaurant List */ = {
			isa = PBXGroup;
			children = (
				965F647C1EBF81950056060F /* View */,
				965F647B1EBF818C0056060F /* Controller */,
			);
			name = "Restaurant List";
			sourceTree = "<group>";
		};
		965F647B1EBF818C0056060F /* Controller */ = {
			isa = PBXGroup;
			children = (
				965F647D1EBF81CD0056060F /* RestaurantListViewController.swift */,
			);
			name = Controller;
			sourceTree = "<group>";
		};
		965F647C1EBF81950056060F /* View */ = {
			isa = PBXGroup;
			children = (
			);
			name = View;
			sourceTree = "<group>";
		};
		965F647F1EBF8D060056060F /* Controller */ = {
			isa = PBXGroup;
			children = (
				965F64821EBF8D3A0056060F /* LocationViewController.swift */,
			);
			name = Controller;
			sourceTree = "<group>";
		};
		965F64801EBF8D140056060F /* View */ = {
			isa = PBXGroup;
			children = (
			);
			name = View;
			sourceTree = "<group>";
		};
		965F64811EBF8D1C0056060F /* Model */ = {
			isa = PBXGroup;
			children = (
				965F64841EBF90490056060F /* Location.plist */,
				965F64861EBF91520056060F /* LocationDataManager.swift */,
			);
			name = Model;
			sourceTree = "<group>";
		};
		965F64881EC0004F0056060F /* Controller */ = {
			isa = PBXGroup;
			children = (
				965F64941EC00F6D0056060F /* MapViewController.swift */,
			);
			name = Controller;
			sourceTree = "<group>";
		};
		965F648A1EC0012C0056060F /* Model */ = {
			isa = PBXGroup;
			children = (
				965F648B1EC0016F0056060F /* MapLocations.plist */,
				965F648D1EC003E60056060F /* RestaurantAnnotation.swift */,
				965F648F1EC008FC0056060F /* MapDataManager.swift */,
			);
			name = Model;
			sourceTree = "<group>";
		};
		965F64911EC00CF60056060F /* Misc */ = {
			isa = PBXGroup;
			children = (
				965F64921EC00D0D0056060F /* DataManager.swift */,
			);
			name = Misc;
			sourceTree = "<group>";
		};
/* End PBXGroup section */

/* Begin PBXNativeTarget section */
		964E7D121EBD7EBF003B2CFD /* LetsEat */ = {
			isa = PBXNativeTarget;
			buildConfigurationList = 964E7D251EBD7EBF003B2CFD /* Build configuration list for PBXNativeTarget "LetsEat" */;
			buildPhases = (
				964E7D0F1EBD7EBF003B2CFD /* Sources */,
				964E7D101EBD7EBF003B2CFD /* Frameworks */,
				964E7D111EBD7EBF003B2CFD /* Resources */,
			);
			buildRules = (
			);
			dependencies = (
			);
			name = LetsEat;
			productName = LetsEat;
			productReference = 964E7D131EBD7EBF003B2CFD /* LetsEat.app */;
			productType = "com.apple.product-type.application";
		};
/* End PBXNativeTarget section */

/* Begin PBXProject section */
		964E7D0B1EBD7EBF003B2CFD /* Project object */ = {
			isa = PBXProject;
			attributes = {
				LastSwiftUpdateCheck = 0830;
				LastUpgradeCheck = 0830;
				ORGANIZATIONNAME = "Roman Subrychak";
				TargetAttributes = {
					964E7D121EBD7EBF003B2CFD = {
						CreatedOnToolsVersion = 8.3.2;
						ProvisioningStyle = Automatic;
					};
				};
			};
			buildConfigurationList = 964E7D0E1EBD7EBF003B2CFD /* Build configuration list for PBXProject "LetsEat" */;
			compatibilityVersion = "Xcode 3.2";
			developmentRegion = English;
			hasScannedForEncodings = 0;
			knownRegions = (
				en,
				Base,
			);
			mainGroup = 964E7D0A1EBD7EBF003B2CFD;
			productRefGroup = 964E7D141EBD7EBF003B2CFD /* Products */;
			projectDirPath = "";
			projectRoot = "";
			targets = (
				964E7D121EBD7EBF003B2CFD /* LetsEat */,
			);
		};
/* End PBXProject section */

/* Begin PBXResourcesBuildPhase section */
		964E7D111EBD7EBF003B2CFD /* Resources */ = {
			isa = PBXResourcesBuildPhase;
			buildActionMask = 2147483647;
			files = (
				964E7D3D1EBD9A9C003B2CFD /* Explore.storyboard in Resources */,
				964E7D211EBD7EBF003B2CFD /* LaunchScreen.storyboard in Resources */,
				964E7D401EBD9AF6003B2CFD /* Map.storyboard in Resources */,
				964E7D1C1EBD7EBF003B2CFD /* Main.storyboard in Resources */,
				965F64751EBF75EF0056060F /* ExploreData.plist in Resources */,
				964E7D291EBD80D2003B2CFD /* assets.xcassets in Resources */,
				965F648C1EC0016F0056060F /* MapLocations.plist in Resources */,
				965F64971EC028140056060F /* RestaurantDetail.storyboard in Resources */,
				965F64851EBF90490056060F /* Location.plist in Resources */,
			);
			runOnlyForDeploymentPostprocessing = 0;
		};
/* End PBXResourcesBuildPhase section */

/* Begin PBXSourcesBuildPhase section */
		964E7D0F1EBD7EBF003B2CFD /* Sources */ = {
			isa = PBXSourcesBuildPhase;
			buildActionMask = 2147483647;
			files = (
				965F64831EBF8D3A0056060F /* LocationViewController.swift in Sources */,
				965F648E1EC003E60056060F /* RestaurantAnnotation.swift in Sources */,
				965F64791EBF7C2B0056060F /* ExploreCell.swift in Sources */,
				965F64871EBF91520056060F /* LocationDataManager.swift in Sources */,
				965F64901EC008FC0056060F /* MapDataManager.swift in Sources */,
				965F647E1EBF81CD0056060F /* RestaurantListViewController.swift in Sources */,
				9640DFA41EBE6FF00026CB77 /* ExploreViewController.swift in Sources */,
				965F64951EC00F6D0056060F /* MapViewController.swift in Sources */,
				964E7D171EBD7EBF003B2CFD /* AppDelegate.swift in Sources */,
				965F64931EC00D0D0056060F /* DataManager.swift in Sources */,
				9640DFA61EBEAFA00026CB77 /* ExploreItem.swift in Sources */,
				965F64771EBF77550056060F /* ExploreDataManager.swift in Sources */,
			);
			runOnlyForDeploymentPostprocessing = 0;
		};
/* End PBXSourcesBuildPhase section */

/* Begin PBXVariantGroup section */
		964E7D1A1EBD7EBF003B2CFD /* Main.storyboard */ = {
			isa = PBXVariantGroup;
			children = (
				964E7D1B1EBD7EBF003B2CFD /* Base */,
			);
			name = Main.storyboard;
			sourceTree = "<group>";
		};
		964E7D1F1EBD7EBF003B2CFD /* LaunchScreen.storyboard */ = {
			isa = PBXVariantGroup;
			children = (
				964E7D201EBD7EBF003B2CFD /* Base */,
			);
			name = LaunchScreen.storyboard;
			sourceTree = "<group>";
		};
		964E7D3E1EBD9AF6003B2CFD /* Map.storyboard */ = {
			isa = PBXVariantGroup;
			children = (
				964E7D3F1EBD9AF6003B2CFD /* Base */,
			);
			name = Map.storyboard;
			sourceTree = "<group>";
		};
/* End PBXVariantGroup section */

/* Begin XCBuildConfiguration section */
		964E7D231EBD7EBF003B2CFD /* Debug */ = {
			isa = XCBuildConfiguration;
			buildSettings = {
				ALWAYS_SEARCH_USER_PATHS = NO;
				CLANG_ANALYZER_NONNULL = YES;
				CLANG_ANALYZER_NUMBER_OBJECT_CONVERSION = YES_AGGRESSIVE;
				CLANG_CXX_LANGUAGE_STANDARD = "gnu++0x";
				CLANG_CXX_LIBRARY = "libc++";
				CLANG_ENABLE_MODULES = YES;
				CLANG_ENABLE_OBJC_ARC = YES;
				CLANG_WARN_BOOL_CONVERSION = YES;
				CLANG_WARN_CONSTANT_CONVERSION = YES;
				CLANG_WARN_DIRECT_OBJC_ISA_USAGE = YES_ERROR;
				CLANG_WARN_DOCUMENTATION_COMMENTS = YES;
				CLANG_WARN_EMPTY_BODY = YES;
				CLANG_WARN_ENUM_CONVERSION = YES;
				CLANG_WARN_INFINITE_RECURSION = YES;
				CLANG_WARN_INT_CONVERSION = YES;
				CLANG_WARN_OBJC_ROOT_CLASS = YES_ERROR;
				CLANG_WARN_SUSPICIOUS_MOVE = YES;
				CLANG_WARN_UNREACHABLE_CODE = YES;
				CLANG_WARN__DUPLICATE_METHOD_MATCH = YES;
				"CODE_SIGN_IDENTITY[sdk=iphoneos*]" = "iPhone Developer";
				COPY_PHASE_STRIP = NO;
				DEBUG_INFORMATION_FORMAT = dwarf;
				ENABLE_STRICT_OBJC_MSGSEND = YES;
				ENABLE_TESTABILITY = YES;
				GCC_C_LANGUAGE_STANDARD = gnu99;
				GCC_DYNAMIC_NO_PIC = NO;
				GCC_NO_COMMON_BLOCKS = YES;
				GCC_OPTIMIZATION_LEVEL = 0;
				GCC_PREPROCESSOR_DEFINITIONS = (
					"DEBUG=1",
					"$(inherited)",
				);
				GCC_WARN_64_TO_32_BIT_CONVERSION = YES;
				GCC_WARN_ABOUT_RETURN_TYPE = YES_ERROR;
				GCC_WARN_UNDECLARED_SELECTOR = YES;
				GCC_WARN_UNINITIALIZED_AUTOS = YES_AGGRESSIVE;
				GCC_WARN_UNUSED_FUNCTION = YES;
				GCC_WARN_UNUSED_VARIABLE = YES;
				IPHONEOS_DEPLOYMENT_TARGET = 10.3;
				MTL_ENABLE_DEBUG_INFO = YES;
				ONLY_ACTIVE_ARCH = YES;
				SDKROOT = iphoneos;
				SWIFT_ACTIVE_COMPILATION_CONDITIONS = DEBUG;
				SWIFT_OPTIMIZATION_LEVEL = "-Onone";
				TARGETED_DEVICE_FAMILY = "1,2";
			};
			name = Debug;
		};
		964E7D241EBD7EBF003B2CFD /* Release */ = {
			isa = XCBuildConfiguration;
			buildSettings = {
				ALWAYS_SEARCH_USER_PATHS = NO;
				CLANG_ANALYZER_NONNULL = YES;
				CLANG_ANALYZER_NUMBER_OBJECT_CONVERSION = YES_AGGRESSIVE;
				CLANG_CXX_LANGUAGE_STANDARD = "gnu++0x";
				CLANG_CXX_LIBRARY = "libc++";
				CLANG_ENABLE_MODULES = YES;
				CLANG_ENABLE_OBJC_ARC = YES;
				CLANG_WARN_BOOL_CONVERSION = YES;
				CLANG_WARN_CONSTANT_CONVERSION = YES;
				CLANG_WARN_DIRECT_OBJC_ISA_USAGE = YES_ERROR;
				CLANG_WARN_DOCUMENTATION_COMMENTS = YES;
				CLANG_WARN_EMPTY_BODY = YES;
				CLANG_WARN_ENUM_CONVERSION = YES;
				CLANG_WARN_INFINITE_RECURSION = YES;
				CLANG_WARN_INT_CONVERSION = YES;
				CLANG_WARN_OBJC_ROOT_CLASS = YES_ERROR;
				CLANG_WARN_SUSPICIOUS_MOVE = YES;
				CLANG_WARN_UNREACHABLE_CODE = YES;
				CLANG_WARN__DUPLICATE_METHOD_MATCH = YES;
				"CODE_SIGN_IDENTITY[sdk=iphoneos*]" = "iPhone Developer";
				COPY_PHASE_STRIP = NO;
				DEBUG_INFORMATION_FORMAT = "dwarf-with-dsym";
				ENABLE_NS_ASSERTIONS = NO;
				ENABLE_STRICT_OBJC_MSGSEND = YES;
				GCC_C_LANGUAGE_STANDARD = gnu99;
				GCC_NO_COMMON_BLOCKS = YES;
				GCC_WARN_64_TO_32_BIT_CONVERSION = YES;
				GCC_WARN_ABOUT_RETURN_TYPE = YES_ERROR;
				GCC_WARN_UNDECLARED_SELECTOR = YES;
				GCC_WARN_UNINITIALIZED_AUTOS = YES_AGGRESSIVE;
				GCC_WARN_UNUSED_FUNCTION = YES;
				GCC_WARN_UNUSED_VARIABLE = YES;
				IPHONEOS_DEPLOYMENT_TARGET = 10.3;
				MTL_ENABLE_DEBUG_INFO = NO;
				SDKROOT = iphoneos;
				SWIFT_OPTIMIZATION_LEVEL = "-Owholemodule";
				TARGETED_DEVICE_FAMILY = "1,2";
				VALIDATE_PRODUCT = YES;
			};
			name = Release;
		};
		964E7D261EBD7EBF003B2CFD /* Debug */ = {
			isa = XCBuildConfiguration;
			buildSettings = {
				ASSETCATALOG_COMPILER_APPICON_NAME = AppIcon;
				INFOPLIST_FILE = LetsEat/Info.plist;
				LD_RUNPATH_SEARCH_PATHS = "$(inherited) @executable_path/Frameworks";
				PRODUCT_BUNDLE_IDENTIFIER = com.roman.subrychak.LetsEat;
				PRODUCT_NAME = "$(TARGET_NAME)";
				SWIFT_VERSION = 3.0;
			};
			name = Debug;
		};
		964E7D271EBD7EBF003B2CFD /* Release */ = {
			isa = XCBuildConfiguration;
			buildSettings = {
				ASSETCATALOG_COMPILER_APPICON_NAME = AppIcon;
				INFOPLIST_FILE = LetsEat/Info.plist;
				LD_RUNPATH_SEARCH_PATHS = "$(inherited) @executable_path/Frameworks";
				PRODUCT_BUNDLE_IDENTIFIER = com.roman.subrychak.LetsEat;
				PRODUCT_NAME = "$(TARGET_NAME)";
				SWIFT_VERSION = 3.0;
			};
			name = Release;
		};
/* End XCBuildConfiguration section */

/* Begin XCConfigurationList section */
		964E7D0E1EBD7EBF003B2CFD /* Build configuration list for PBXProject "LetsEat" */ = {
			isa = XCConfigurationList;
			buildConfigurations = (
				964E7D231EBD7EBF003B2CFD /* Debug */,
				964E7D241EBD7EBF003B2CFD /* Release */,
			);
			defaultConfigurationIsVisible = 0;
			defaultConfigurationName = Release;
		};
		964E7D251EBD7EBF003B2CFD /* Build configuration list for PBXNativeTarget "LetsEat" */ = {
			isa = XCConfigurationList;
			buildConfigurations = (
				964E7D261EBD7EBF003B2CFD /* Debug */,
				964E7D271EBD7EBF003B2CFD /* Release */,
			);
			defaultConfigurationIsVisible = 0;
			defaultConfigurationName = Release;
		};
/* End XCConfigurationList section */
	};
	rootObject = 964E7D0B1EBD7EBF003B2CFD /* Project object */;
}
