// !$*UTF8*$!
{
	archiveVersion = 1;
	classes = {
	};
	objectVersion = 46;
	objects = {

/* Begin PBXBuildFile section */
		9614969D1EC6B75200E3E415 /* CreateReviewViewControllerTableViewController.swift in Sources */ = {isa = PBXBuildFile; fileRef = 9614969C1EC6B75200E3E415 /* CreateReviewViewControllerTableViewController.swift */; };
		9640DFA41EBE6FF00026CB77 /* ExploreViewController.swift in Sources */ = {isa = PBXBuildFile; fileRef = 9640DFA31EBE6FF00026CB77 /* ExploreViewController.swift */; };
		9640DFA61EBEAFA00026CB77 /* ExploreItem.swift in Sources */ = {isa = PBXBuildFile; fileRef = 9640DFA51EBEAFA00026CB77 /* ExploreItem.swift */; };
		964628F01EC7A18A00A9A599 /* FilterData.plist in Resources */ = {isa = PBXBuildFile; fileRef = 964628EF1EC7A18A00A9A599 /* FilterData.plist */; };
		964628F21EC7C91600A9A599 /* FilterItem.swift in Sources */ = {isa = PBXBuildFile; fileRef = 964628F11EC7C91600A9A599 /* FilterItem.swift */; };
		964628F41EC7C9F400A9A599 /* FilterManager.swift in Sources */ = {isa = PBXBuildFile; fileRef = 964628F31EC7C9F400A9A599 /* FilterManager.swift */; };
		964628F61EC7CB9500A9A599 /* ImageFiltering.swift in Sources */ = {isa = PBXBuildFile; fileRef = 964628F51EC7CB9500A9A599 /* ImageFiltering.swift */; };
		964628F81EC7CF3500A9A599 /* PhotoItem.swift in Sources */ = {isa = PBXBuildFile; fileRef = 964628F71EC7CF3500A9A599 /* PhotoItem.swift */; };
		964628FA1EC7D73500A9A599 /* ApplyFilterViewController.swift in Sources */ = {isa = PBXBuildFile; fileRef = 964628F91EC7D73500A9A599 /* ApplyFilterViewController.swift */; };
		964E7D171EBD7EBF003B2CFD /* AppDelegate.swift in Sources */ = {isa = PBXBuildFile; fileRef = 964E7D161EBD7EBF003B2CFD /* AppDelegate.swift */; };
		964E7D1C1EBD7EBF003B2CFD /* Main.storyboard in Resources */ = {isa = PBXBuildFile; fileRef = 964E7D1A1EBD7EBF003B2CFD /* Main.storyboard */; };
		964E7D211EBD7EBF003B2CFD /* LaunchScreen.storyboard in Resources */ = {isa = PBXBuildFile; fileRef = 964E7D1F1EBD7EBF003B2CFD /* LaunchScreen.storyboard */; };
		964E7D291EBD80D2003B2CFD /* assets.xcassets in Resources */ = {isa = PBXBuildFile; fileRef = 964E7D281EBD80D2003B2CFD /* assets.xcassets */; };
		964E7D3B1EBD99E6003B2CFD /* MapKit.framework in Frameworks */ = {isa = PBXBuildFile; fileRef = 964E7D3A1EBD99E6003B2CFD /* MapKit.framework */; };
		964E7D3D1EBD9A9C003B2CFD /* Explore.storyboard in Resources */ = {isa = PBXBuildFile; fileRef = 964E7D3C1EBD9A9C003B2CFD /* Explore.storyboard */; };
		964E7D401EBD9AF6003B2CFD /* Map.storyboard in Resources */ = {isa = PBXBuildFile; fileRef = 964E7D3E1EBD9AF6003B2CFD /* Map.storyboard */; };
		965F64751EBF75EF0056060F /* ExploreData.plist in Resources */ = {isa = PBXBuildFile; fileRef = 965F64741EBF75EF0056060F /* ExploreData.plist */; };
		965F64771EBF77550056060F /* ExploreDataManager.swift in Sources */ = {isa = PBXBuildFile; fileRef = 965F64761EBF77550056060F /* ExploreDataManager.swift */; };
		965F64791EBF7C2B0056060F /* ExploreCell.swift in Sources */ = {isa = PBXBuildFile; fileRef = 965F64781EBF7C2B0056060F /* ExploreCell.swift */; };
		965F647E1EBF81CD0056060F /* RestaurantListViewController.swift in Sources */ = {isa = PBXBuildFile; fileRef = 965F647D1EBF81CD0056060F /* RestaurantListViewController.swift */; };
		965F64831EBF8D3A0056060F /* LocationViewController.swift in Sources */ = {isa = PBXBuildFile; fileRef = 965F64821EBF8D3A0056060F /* LocationViewController.swift */; };
		965F64851EBF90490056060F /* Location.plist in Resources */ = {isa = PBXBuildFile; fileRef = 965F64841EBF90490056060F /* Location.plist */; };
		965F64871EBF91520056060F /* LocationDataManager.swift in Sources */ = {isa = PBXBuildFile; fileRef = 965F64861EBF91520056060F /* LocationDataManager.swift */; };
		965F648C1EC0016F0056060F /* MapLocations.plist in Resources */ = {isa = PBXBuildFile; fileRef = 965F648B1EC0016F0056060F /* MapLocations.plist */; };
		965F64901EC008FC0056060F /* MapDataManager.swift in Sources */ = {isa = PBXBuildFile; fileRef = 965F648F1EC008FC0056060F /* MapDataManager.swift */; };
		965F64931EC00D0D0056060F /* DataManager.swift in Sources */ = {isa = PBXBuildFile; fileRef = 965F64921EC00D0D0056060F /* DataManager.swift */; };
		965F64951EC00F6D0056060F /* MapViewController.swift in Sources */ = {isa = PBXBuildFile; fileRef = 965F64941EC00F6D0056060F /* MapViewController.swift */; };
		965F64971EC028140056060F /* RestaurantDetail.storyboard in Resources */ = {isa = PBXBuildFile; fileRef = 965F64961EC028140056060F /* RestaurantDetail.storyboard */; };
		965F64991EC029B30056060F /* Segue.swift in Sources */ = {isa = PBXBuildFile; fileRef = 965F64981EC029B30056060F /* Segue.swift */; };
		965F649E1EC030BC0056060F /* RestaurantDetailViewController.swift in Sources */ = {isa = PBXBuildFile; fileRef = 965F649D1EC030BC0056060F /* RestaurantDetailViewController.swift */; };
		969209821ECE667800AE6A58 /* sample-restaurant-img.png in Resources */ = {isa = PBXBuildFile; fileRef = 9692097F1ECE667800AE6A58 /* sample-restaurant-img.png */; };
		969209831ECE667800AE6A58 /* sample-restaurant-img@2x.png in Resources */ = {isa = PBXBuildFile; fileRef = 969209801ECE667800AE6A58 /* sample-restaurant-img@2x.png */; };
		969209841ECE667800AE6A58 /* sample-restaurant-img@3x.png in Resources */ = {isa = PBXBuildFile; fileRef = 969209811ECE667800AE6A58 /* sample-restaurant-img@3x.png */; };
		969209861ECE6B1000AE6A58 /* Identifier.swift in Sources */ = {isa = PBXBuildFile; fileRef = 969209851ECE6B1000AE6A58 /* Identifier.swift */; };
		9692098D1ECE6FA400AE6A58 /* UserNotifications.framework in Frameworks */ = {isa = PBXBuildFile; fileRef = 9692098C1ECE6FA400AE6A58 /* UserNotifications.framework */; };
		9692098F1ECE6FA400AE6A58 /* UserNotificationsUI.framework in Frameworks */ = {isa = PBXBuildFile; fileRef = 9692098E1ECE6FA400AE6A58 /* UserNotificationsUI.framework */; };
		969209921ECE6FA400AE6A58 /* NotificationViewController.swift in Sources */ = {isa = PBXBuildFile; fileRef = 969209911ECE6FA400AE6A58 /* NotificationViewController.swift */; };
		969209951ECE6FA400AE6A58 /* MainInterface.storyboard in Resources */ = {isa = PBXBuildFile; fileRef = 969209931ECE6FA400AE6A58 /* MainInterface.storyboard */; };
		969209991ECE6FA400AE6A58 /* LetsEatContentExtension.appex in Embed App Extensions */ = {isa = PBXBuildFile; fileRef = 9692098B1ECE6FA300AE6A58 /* LetsEatContentExtension.appex */; settings = {ATTRIBUTES = (RemoveHeadersOnCopy, ); }; };
		969BC4441ED0CF1200E0445F /* Shortcut.swift in Sources */ = {isa = PBXBuildFile; fileRef = 969BC4431ED0CF1200E0445F /* Shortcut.swift */; };
		96BA633A1EC1624A00813EED /* Aspen.json in Resources */ = {isa = PBXBuildFile; fileRef = 96BA632C1EC1624A00813EED /* Aspen.json */; };
		96BA633B1EC1624A00813EED /* Boston.json in Resources */ = {isa = PBXBuildFile; fileRef = 96BA632D1EC1624A00813EED /* Boston.json */; };
		96BA633C1EC1624A00813EED /* Charleston.json in Resources */ = {isa = PBXBuildFile; fileRef = 96BA632E1EC1624A00813EED /* Charleston.json */; };
		96BA633D1EC1624A00813EED /* Chicago.json in Resources */ = {isa = PBXBuildFile; fileRef = 96BA632F1EC1624A00813EED /* Chicago.json */; };
		96BA633E1EC1624A00813EED /* Houston.json in Resources */ = {isa = PBXBuildFile; fileRef = 96BA63301EC1624A00813EED /* Houston.json */; };
		96BA633F1EC1624A00813EED /* Las Vegas.json in Resources */ = {isa = PBXBuildFile; fileRef = 96BA63311EC1624A00813EED /* Las Vegas.json */; };
		96BA63401EC1624A00813EED /* Los Angeles.json in Resources */ = {isa = PBXBuildFile; fileRef = 96BA63321EC1624A00813EED /* Los Angeles.json */; };
		96BA63411EC1624A00813EED /* Miami.json in Resources */ = {isa = PBXBuildFile; fileRef = 96BA63331EC1624A00813EED /* Miami.json */; };
		96BA63421EC1624A00813EED /* New Orleans.json in Resources */ = {isa = PBXBuildFile; fileRef = 96BA63341EC1624A00813EED /* New Orleans.json */; };
		96BA63431EC1624A00813EED /* New York.json in Resources */ = {isa = PBXBuildFile; fileRef = 96BA63351EC1624A00813EED /* New York.json */; };
		96BA63441EC1624A00813EED /* Philadelphia.json in Resources */ = {isa = PBXBuildFile; fileRef = 96BA63361EC1624A00813EED /* Philadelphia.json */; };
		96BA63451EC1624A00813EED /* Portland.json in Resources */ = {isa = PBXBuildFile; fileRef = 96BA63371EC1624A00813EED /* Portland.json */; };
		96BA63461EC1624A00813EED /* San Antonio.json in Resources */ = {isa = PBXBuildFile; fileRef = 96BA63381EC1624A00813EED /* San Antonio.json */; };
		96BA63471EC1624A00813EED /* San Francisco.json in Resources */ = {isa = PBXBuildFile; fileRef = 96BA63391EC1624A00813EED /* San Francisco.json */; };
		96BA634D1EC184E100813EED /* RestaurantCell.swift in Sources */ = {isa = PBXBuildFile; fileRef = 96BA634C1EC184E100813EED /* RestaurantCell.swift */; };
		96EED9151ED3A7920050730F /* LocationList.storyboard in Resources */ = {isa = PBXBuildFile; fileRef = 96EED9141ED3A7920050730F /* LocationList.storyboard */; };
		96F617241ECD04F400953A14 /* Device.swift in Sources */ = {isa = PBXBuildFile; fileRef = 96F617231ECD04F400953A14 /* Device.swift */; };
		96F617411ECD3DF500953A14 /* Messages.framework in Frameworks */ = {isa = PBXBuildFile; fileRef = 96F6172A1ECD3DB700953A14 /* Messages.framework */; };
		96F617441ECD3DF500953A14 /* MessagesViewController.swift in Sources */ = {isa = PBXBuildFile; fileRef = 96F617431ECD3DF500953A14 /* MessagesViewController.swift */; };
		96F617471ECD3DF500953A14 /* MainInterface.storyboard in Resources */ = {isa = PBXBuildFile; fileRef = 96F617451ECD3DF500953A14 /* MainInterface.storyboard */; };
		96F6174D1ECD3DF500953A14 /* MessageApp.appex in Embed App Extensions */ = {isa = PBXBuildFile; fileRef = 96F617401ECD3DF500953A14 /* MessageApp.appex */; settings = {ATTRIBUTES = (RemoveHeadersOnCopy, ); }; };
		96F617521ECD3E6700953A14 /* Assets.xcassets in Resources */ = {isa = PBXBuildFile; fileRef = 96F617511ECD3E6700953A14 /* Assets.xcassets */; };
		96F6175C1ECD41EF00953A14 /* LetsEatDataKit.h in Headers */ = {isa = PBXBuildFile; fileRef = 96F6175A1ECD41EF00953A14 /* LetsEatDataKit.h */; settings = {ATTRIBUTES = (Public, ); }; };
		96F6175F1ECD41EF00953A14 /* LetsEatDataKit.framework in Frameworks */ = {isa = PBXBuildFile; fileRef = 96F617581ECD41EF00953A14 /* LetsEatDataKit.framework */; };
		96F617601ECD41EF00953A14 /* LetsEatDataKit.framework in Embed Frameworks */ = {isa = PBXBuildFile; fileRef = 96F617581ECD41EF00953A14 /* LetsEatDataKit.framework */; settings = {ATTRIBUTES = (CodeSignOnCopy, RemoveHeadersOnCopy, ); }; };
		96F617661ECD43A800953A14 /* Aspen.json in Resources */ = {isa = PBXBuildFile; fileRef = 96BA632C1EC1624A00813EED /* Aspen.json */; };
		96F617671ECD43A900953A14 /* Aspen.json in Resources */ = {isa = PBXBuildFile; fileRef = 96BA632C1EC1624A00813EED /* Aspen.json */; };
		96F617681ECD43B000953A14 /* Boston.json in Resources */ = {isa = PBXBuildFile; fileRef = 96BA632D1EC1624A00813EED /* Boston.json */; };
		96F617691ECD43B000953A14 /* Charleston.json in Resources */ = {isa = PBXBuildFile; fileRef = 96BA632E1EC1624A00813EED /* Charleston.json */; };
		96F6176A1ECD43B100953A14 /* Boston.json in Resources */ = {isa = PBXBuildFile; fileRef = 96BA632D1EC1624A00813EED /* Boston.json */; };
		96F6176B1ECD43B100953A14 /* Charleston.json in Resources */ = {isa = PBXBuildFile; fileRef = 96BA632E1EC1624A00813EED /* Charleston.json */; };
		96F6176C1ECD43C700953A14 /* Chicago.json in Resources */ = {isa = PBXBuildFile; fileRef = 96BA632F1EC1624A00813EED /* Chicago.json */; };
		96F6176D1ECD43C700953A14 /* Houston.json in Resources */ = {isa = PBXBuildFile; fileRef = 96BA63301EC1624A00813EED /* Houston.json */; };
		96F6176E1ECD43C700953A14 /* Las Vegas.json in Resources */ = {isa = PBXBuildFile; fileRef = 96BA63311EC1624A00813EED /* Las Vegas.json */; };
		96F6176F1ECD43C700953A14 /* Los Angeles.json in Resources */ = {isa = PBXBuildFile; fileRef = 96BA63321EC1624A00813EED /* Los Angeles.json */; };
		96F617701ECD43C700953A14 /* Miami.json in Resources */ = {isa = PBXBuildFile; fileRef = 96BA63331EC1624A00813EED /* Miami.json */; };
		96F617711ECD43C700953A14 /* New Orleans.json in Resources */ = {isa = PBXBuildFile; fileRef = 96BA63341EC1624A00813EED /* New Orleans.json */; };
		96F617721ECD43C700953A14 /* New York.json in Resources */ = {isa = PBXBuildFile; fileRef = 96BA63351EC1624A00813EED /* New York.json */; };
		96F617731ECD43C700953A14 /* Philadelphia.json in Resources */ = {isa = PBXBuildFile; fileRef = 96BA63361EC1624A00813EED /* Philadelphia.json */; };
		96F617741ECD43C700953A14 /* Portland.json in Resources */ = {isa = PBXBuildFile; fileRef = 96BA63371EC1624A00813EED /* Portland.json */; };
		96F617751ECD43C700953A14 /* San Antonio.json in Resources */ = {isa = PBXBuildFile; fileRef = 96BA63381EC1624A00813EED /* San Antonio.json */; };
		96F617761ECD43C700953A14 /* San Francisco.json in Resources */ = {isa = PBXBuildFile; fileRef = 96BA63391EC1624A00813EED /* San Francisco.json */; };
		96F617771ECD43C800953A14 /* Chicago.json in Resources */ = {isa = PBXBuildFile; fileRef = 96BA632F1EC1624A00813EED /* Chicago.json */; };
		96F617781ECD43C800953A14 /* Houston.json in Resources */ = {isa = PBXBuildFile; fileRef = 96BA63301EC1624A00813EED /* Houston.json */; };
		96F617791ECD43C800953A14 /* Las Vegas.json in Resources */ = {isa = PBXBuildFile; fileRef = 96BA63311EC1624A00813EED /* Las Vegas.json */; };
		96F6177A1ECD43C800953A14 /* Los Angeles.json in Resources */ = {isa = PBXBuildFile; fileRef = 96BA63321EC1624A00813EED /* Los Angeles.json */; };
		96F6177B1ECD43C800953A14 /* Miami.json in Resources */ = {isa = PBXBuildFile; fileRef = 96BA63331EC1624A00813EED /* Miami.json */; };
		96F6177C1ECD43C800953A14 /* New Orleans.json in Resources */ = {isa = PBXBuildFile; fileRef = 96BA63341EC1624A00813EED /* New Orleans.json */; };
		96F6177D1ECD43C800953A14 /* New York.json in Resources */ = {isa = PBXBuildFile; fileRef = 96BA63351EC1624A00813EED /* New York.json */; };
		96F6177E1ECD43C800953A14 /* Philadelphia.json in Resources */ = {isa = PBXBuildFile; fileRef = 96BA63361EC1624A00813EED /* Philadelphia.json */; };
		96F6177F1ECD43C800953A14 /* Portland.json in Resources */ = {isa = PBXBuildFile; fileRef = 96BA63371EC1624A00813EED /* Portland.json */; };
		96F617801ECD43C800953A14 /* San Antonio.json in Resources */ = {isa = PBXBuildFile; fileRef = 96BA63381EC1624A00813EED /* San Antonio.json */; };
		96F617811ECD43C800953A14 /* San Francisco.json in Resources */ = {isa = PBXBuildFile; fileRef = 96BA63391EC1624A00813EED /* San Francisco.json */; };
		96F617821ECD43EA00953A14 /* RestaurantDataManager.swift in Sources */ = {isa = PBXBuildFile; fileRef = 96BA634F1EC185D100813EED /* RestaurantDataManager.swift */; };
		96F617861ECD43F300953A14 /* RestaurantAnnotation.swift in Sources */ = {isa = PBXBuildFile; fileRef = 965F648D1EC003E60056060F /* RestaurantAnnotation.swift */; };
		96F617871ECD43F300953A14 /* RestaurantItem.swift in Sources */ = {isa = PBXBuildFile; fileRef = 965F649A1EC02B820056060F /* RestaurantItem.swift */; };
		96F617881ECD43F300953A14 /* RestaurantAPIManager.swift in Sources */ = {isa = PBXBuildFile; fileRef = 96BA63481EC1634900813EED /* RestaurantAPIManager.swift */; };
		96F6178A1ECD481500953A14 /* RestaurantMessageCell.swift in Sources */ = {isa = PBXBuildFile; fileRef = 96F617891ECD481500953A14 /* RestaurantMessageCell.swift */; };
		96F649C61EC9193800A1F0BD /* LetsEatModel.xcdatamodeld in Sources */ = {isa = PBXBuildFile; fileRef = 96F649C41EC9193800A1F0BD /* LetsEatModel.xcdatamodeld */; };
		96F649C81EC91AA200A1F0BD /* ReviewItem.swift in Sources */ = {isa = PBXBuildFile; fileRef = 96F649C71EC91AA200A1F0BD /* ReviewItem.swift */; };
		96F649CA1EC91DDC00A1F0BD /* CoreDataManager.swift in Sources */ = {isa = PBXBuildFile; fileRef = 96F649C91EC91DDC00A1F0BD /* CoreDataManager.swift */; };
		96F649CC1EC9232000A1F0BD /* ReviewDataManager.swift in Sources */ = {isa = PBXBuildFile; fileRef = 96F649CB1EC9232000A1F0BD /* ReviewDataManager.swift */; };
		96F649CE1EC92BAF00A1F0BD /* Rating.swift in Sources */ = {isa = PBXBuildFile; fileRef = 96F649CD1EC92BAF00A1F0BD /* Rating.swift */; };
		96F649D01EC92DDA00A1F0BD /* RatingView.swift in Sources */ = {isa = PBXBuildFile; fileRef = 96F649CF1EC92DDA00A1F0BD /* RatingView.swift */; };
		96F649D41EC932D300A1F0BD /* RatingView.xib in Resources */ = {isa = PBXBuildFile; fileRef = 96F649D31EC932D300A1F0BD /* RatingView.xib */; };
		96F649D61EC9350D00A1F0BD /* StarRatingViewController.swift in Sources */ = {isa = PBXBuildFile; fileRef = 96F649D51EC9350D00A1F0BD /* StarRatingViewController.swift */; };
		96F649DA1EC949B300A1F0BD /* ReviewListViewController.swift in Sources */ = {isa = PBXBuildFile; fileRef = 96F649D91EC949B300A1F0BD /* ReviewListViewController.swift */; };
		96F649DC1EC94B3100A1F0BD /* ReviewCell.swift in Sources */ = {isa = PBXBuildFile; fileRef = 96F649DB1EC94B3100A1F0BD /* ReviewCell.swift */; };
/* End PBXBuildFile section */

/* Begin PBXContainerItemProxy section */
		969209971ECE6FA400AE6A58 /* PBXContainerItemProxy */ = {
			isa = PBXContainerItemProxy;
			containerPortal = 964E7D0B1EBD7EBF003B2CFD /* Project object */;
			proxyType = 1;
			remoteGlobalIDString = 9692098A1ECE6FA300AE6A58;
			remoteInfo = LetsEatContentExtension;
		};
		96F6174B1ECD3DF500953A14 /* PBXContainerItemProxy */ = {
			isa = PBXContainerItemProxy;
			containerPortal = 964E7D0B1EBD7EBF003B2CFD /* Project object */;
			proxyType = 1;
			remoteGlobalIDString = 96F6173F1ECD3DF500953A14;
			remoteInfo = MessageApp;
		};
		96F6175D1ECD41EF00953A14 /* PBXContainerItemProxy */ = {
			isa = PBXContainerItemProxy;
			containerPortal = 964E7D0B1EBD7EBF003B2CFD /* Project object */;
			proxyType = 1;
			remoteGlobalIDString = 96F617571ECD41EF00953A14;
			remoteInfo = LetsEatDataKit;
		};
/* End PBXContainerItemProxy section */

/* Begin PBXCopyFilesBuildPhase section */
		96F6173B1ECD3DB700953A14 /* Embed App Extensions */ = {
			isa = PBXCopyFilesBuildPhase;
			buildActionMask = 2147483647;
			dstPath = "";
			dstSubfolderSpec = 13;
			files = (
				96F6174D1ECD3DF500953A14 /* MessageApp.appex in Embed App Extensions */,
				969209991ECE6FA400AE6A58 /* LetsEatContentExtension.appex in Embed App Extensions */,
			);
			name = "Embed App Extensions";
			runOnlyForDeploymentPostprocessing = 0;
		};
		96F617641ECD41EF00953A14 /* Embed Frameworks */ = {
			isa = PBXCopyFilesBuildPhase;
			buildActionMask = 2147483647;
			dstPath = "";
			dstSubfolderSpec = 10;
			files = (
				96F617601ECD41EF00953A14 /* LetsEatDataKit.framework in Embed Frameworks */,
			);
			name = "Embed Frameworks";
			runOnlyForDeploymentPostprocessing = 0;
		};
/* End PBXCopyFilesBuildPhase section */

/* Begin PBXFileReference section */
		9614969C1EC6B75200E3E415 /* CreateReviewViewControllerTableViewController.swift */ = {isa = PBXFileReference; fileEncoding = 4; lastKnownFileType = sourcecode.swift; path = CreateReviewViewControllerTableViewController.swift; sourceTree = "<group>"; };
		9640DFA31EBE6FF00026CB77 /* ExploreViewController.swift */ = {isa = PBXFileReference; fileEncoding = 4; lastKnownFileType = sourcecode.swift; path = ExploreViewController.swift; sourceTree = "<group>"; };
		9640DFA51EBEAFA00026CB77 /* ExploreItem.swift */ = {isa = PBXFileReference; fileEncoding = 4; lastKnownFileType = sourcecode.swift; path = ExploreItem.swift; sourceTree = "<group>"; };
		964628EF1EC7A18A00A9A599 /* FilterData.plist */ = {isa = PBXFileReference; fileEncoding = 4; lastKnownFileType = text.plist.xml; path = FilterData.plist; sourceTree = "<group>"; };
		964628F11EC7C91600A9A599 /* FilterItem.swift */ = {isa = PBXFileReference; fileEncoding = 4; lastKnownFileType = sourcecode.swift; path = FilterItem.swift; sourceTree = "<group>"; };
		964628F31EC7C9F400A9A599 /* FilterManager.swift */ = {isa = PBXFileReference; fileEncoding = 4; lastKnownFileType = sourcecode.swift; path = FilterManager.swift; sourceTree = "<group>"; };
		964628F51EC7CB9500A9A599 /* ImageFiltering.swift */ = {isa = PBXFileReference; fileEncoding = 4; lastKnownFileType = sourcecode.swift; path = ImageFiltering.swift; sourceTree = "<group>"; };
		964628F71EC7CF3500A9A599 /* PhotoItem.swift */ = {isa = PBXFileReference; fileEncoding = 4; lastKnownFileType = sourcecode.swift; path = PhotoItem.swift; sourceTree = "<group>"; };
		964628F91EC7D73500A9A599 /* ApplyFilterViewController.swift */ = {isa = PBXFileReference; fileEncoding = 4; lastKnownFileType = sourcecode.swift; path = ApplyFilterViewController.swift; sourceTree = "<group>"; };
		964E7D131EBD7EBF003B2CFD /* LetsEat.app */ = {isa = PBXFileReference; explicitFileType = wrapper.application; includeInIndex = 0; path = LetsEat.app; sourceTree = BUILT_PRODUCTS_DIR; };
		964E7D161EBD7EBF003B2CFD /* AppDelegate.swift */ = {isa = PBXFileReference; lastKnownFileType = sourcecode.swift; path = AppDelegate.swift; sourceTree = "<group>"; };
		964E7D1B1EBD7EBF003B2CFD /* Base */ = {isa = PBXFileReference; lastKnownFileType = file.storyboard; name = Base; path = Base.lproj/Main.storyboard; sourceTree = "<group>"; };
		964E7D201EBD7EBF003B2CFD /* Base */ = {isa = PBXFileReference; lastKnownFileType = file.storyboard; name = Base; path = Base.lproj/LaunchScreen.storyboard; sourceTree = "<group>"; };
		964E7D221EBD7EBF003B2CFD /* Info.plist */ = {isa = PBXFileReference; lastKnownFileType = text.plist.xml; path = Info.plist; sourceTree = "<group>"; };
		964E7D281EBD80D2003B2CFD /* assets.xcassets */ = {isa = PBXFileReference; lastKnownFileType = folder.assetcatalog; path = assets.xcassets; sourceTree = "<group>"; };
		964E7D3A1EBD99E6003B2CFD /* MapKit.framework */ = {isa = PBXFileReference; lastKnownFileType = wrapper.framework; name = MapKit.framework; path = System/Library/Frameworks/MapKit.framework; sourceTree = SDKROOT; };
		964E7D3C1EBD9A9C003B2CFD /* Explore.storyboard */ = {isa = PBXFileReference; fileEncoding = 4; lastKnownFileType = file.storyboard; path = Explore.storyboard; sourceTree = "<group>"; };
		964E7D3F1EBD9AF6003B2CFD /* Base */ = {isa = PBXFileReference; lastKnownFileType = file.storyboard; name = Base; path = Base.lproj/Map.storyboard; sourceTree = "<group>"; };
		965F64741EBF75EF0056060F /* ExploreData.plist */ = {isa = PBXFileReference; fileEncoding = 4; lastKnownFileType = text.plist.xml; path = ExploreData.plist; sourceTree = "<group>"; };
		965F64761EBF77550056060F /* ExploreDataManager.swift */ = {isa = PBXFileReference; fileEncoding = 4; lastKnownFileType = sourcecode.swift; path = ExploreDataManager.swift; sourceTree = "<group>"; };
		965F64781EBF7C2B0056060F /* ExploreCell.swift */ = {isa = PBXFileReference; fileEncoding = 4; lastKnownFileType = sourcecode.swift; path = ExploreCell.swift; sourceTree = "<group>"; };
		965F647D1EBF81CD0056060F /* RestaurantListViewController.swift */ = {isa = PBXFileReference; fileEncoding = 4; lastKnownFileType = sourcecode.swift; path = RestaurantListViewController.swift; sourceTree = "<group>"; };
		965F64821EBF8D3A0056060F /* LocationViewController.swift */ = {isa = PBXFileReference; fileEncoding = 4; lastKnownFileType = sourcecode.swift; path = LocationViewController.swift; sourceTree = "<group>"; };
		965F64841EBF90490056060F /* Location.plist */ = {isa = PBXFileReference; fileEncoding = 4; lastKnownFileType = text.plist.xml; path = Location.plist; sourceTree = "<group>"; };
		965F64861EBF91520056060F /* LocationDataManager.swift */ = {isa = PBXFileReference; fileEncoding = 4; lastKnownFileType = sourcecode.swift; path = LocationDataManager.swift; sourceTree = "<group>"; };
		965F648B1EC0016F0056060F /* MapLocations.plist */ = {isa = PBXFileReference; fileEncoding = 4; lastKnownFileType = text.plist.xml; path = MapLocations.plist; sourceTree = "<group>"; };
		965F648D1EC003E60056060F /* RestaurantAnnotation.swift */ = {isa = PBXFileReference; fileEncoding = 4; lastKnownFileType = sourcecode.swift; name = RestaurantAnnotation.swift; path = ../LetsEat/RestaurantAnnotation.swift; sourceTree = "<group>"; };
		965F648F1EC008FC0056060F /* MapDataManager.swift */ = {isa = PBXFileReference; fileEncoding = 4; lastKnownFileType = sourcecode.swift; path = MapDataManager.swift; sourceTree = "<group>"; };
		965F64921EC00D0D0056060F /* DataManager.swift */ = {isa = PBXFileReference; fileEncoding = 4; lastKnownFileType = sourcecode.swift; path = DataManager.swift; sourceTree = "<group>"; };
		965F64941EC00F6D0056060F /* MapViewController.swift */ = {isa = PBXFileReference; fileEncoding = 4; lastKnownFileType = sourcecode.swift; path = MapViewController.swift; sourceTree = "<group>"; };
		965F64961EC028140056060F /* RestaurantDetail.storyboard */ = {isa = PBXFileReference; fileEncoding = 4; lastKnownFileType = file.storyboard; path = RestaurantDetail.storyboard; sourceTree = "<group>"; };
		965F64981EC029B30056060F /* Segue.swift */ = {isa = PBXFileReference; fileEncoding = 4; lastKnownFileType = sourcecode.swift; path = Segue.swift; sourceTree = "<group>"; };
		965F649A1EC02B820056060F /* RestaurantItem.swift */ = {isa = PBXFileReference; fileEncoding = 4; lastKnownFileType = sourcecode.swift; name = RestaurantItem.swift; path = ../LetsEat/RestaurantItem.swift; sourceTree = "<group>"; };
		965F649D1EC030BC0056060F /* RestaurantDetailViewController.swift */ = {isa = PBXFileReference; fileEncoding = 4; lastKnownFileType = sourcecode.swift; path = RestaurantDetailViewController.swift; sourceTree = "<group>"; };
		9692097F1ECE667800AE6A58 /* sample-restaurant-img.png */ = {isa = PBXFileReference; lastKnownFileType = image.png; path = "sample-restaurant-img.png"; sourceTree = "<group>"; };
		969209801ECE667800AE6A58 /* sample-restaurant-img@2x.png */ = {isa = PBXFileReference; lastKnownFileType = image.png; path = "sample-restaurant-img@2x.png"; sourceTree = "<group>"; };
		969209811ECE667800AE6A58 /* sample-restaurant-img@3x.png */ = {isa = PBXFileReference; lastKnownFileType = image.png; path = "sample-restaurant-img@3x.png"; sourceTree = "<group>"; };
		969209851ECE6B1000AE6A58 /* Identifier.swift */ = {isa = PBXFileReference; fileEncoding = 4; lastKnownFileType = sourcecode.swift; path = Identifier.swift; sourceTree = "<group>"; };
		9692098B1ECE6FA300AE6A58 /* LetsEatContentExtension.appex */ = {isa = PBXFileReference; explicitFileType = "wrapper.app-extension"; includeInIndex = 0; path = LetsEatContentExtension.appex; sourceTree = BUILT_PRODUCTS_DIR; };
		9692098C1ECE6FA400AE6A58 /* UserNotifications.framework */ = {isa = PBXFileReference; lastKnownFileType = wrapper.framework; name = UserNotifications.framework; path = System/Library/Frameworks/UserNotifications.framework; sourceTree = SDKROOT; };
		9692098E1ECE6FA400AE6A58 /* UserNotificationsUI.framework */ = {isa = PBXFileReference; lastKnownFileType = wrapper.framework; name = UserNotificationsUI.framework; path = System/Library/Frameworks/UserNotificationsUI.framework; sourceTree = SDKROOT; };
		969209911ECE6FA400AE6A58 /* NotificationViewController.swift */ = {isa = PBXFileReference; lastKnownFileType = sourcecode.swift; path = NotificationViewController.swift; sourceTree = "<group>"; };
		969209941ECE6FA400AE6A58 /* Base */ = {isa = PBXFileReference; lastKnownFileType = file.storyboard; name = Base; path = Base.lproj/MainInterface.storyboard; sourceTree = "<group>"; };
		969209961ECE6FA400AE6A58 /* Info.plist */ = {isa = PBXFileReference; lastKnownFileType = text.plist.xml; path = Info.plist; sourceTree = "<group>"; };
		969BC4431ED0CF1200E0445F /* Shortcut.swift */ = {isa = PBXFileReference; fileEncoding = 4; lastKnownFileType = sourcecode.swift; path = Shortcut.swift; sourceTree = "<group>"; };
		96BA632C1EC1624A00813EED /* Aspen.json */ = {isa = PBXFileReference; fileEncoding = 4; lastKnownFileType = text.json; path = Aspen.json; sourceTree = "<group>"; };
		96BA632D1EC1624A00813EED /* Boston.json */ = {isa = PBXFileReference; fileEncoding = 4; lastKnownFileType = text.json; path = Boston.json; sourceTree = "<group>"; };
		96BA632E1EC1624A00813EED /* Charleston.json */ = {isa = PBXFileReference; fileEncoding = 4; lastKnownFileType = text.json; path = Charleston.json; sourceTree = "<group>"; };
		96BA632F1EC1624A00813EED /* Chicago.json */ = {isa = PBXFileReference; fileEncoding = 4; lastKnownFileType = text.json; path = Chicago.json; sourceTree = "<group>"; };
		96BA63301EC1624A00813EED /* Houston.json */ = {isa = PBXFileReference; fileEncoding = 4; lastKnownFileType = text.json; path = Houston.json; sourceTree = "<group>"; };
		96BA63311EC1624A00813EED /* Las Vegas.json */ = {isa = PBXFileReference; fileEncoding = 4; lastKnownFileType = text.json; path = "Las Vegas.json"; sourceTree = "<group>"; };
		96BA63321EC1624A00813EED /* Los Angeles.json */ = {isa = PBXFileReference; fileEncoding = 4; lastKnownFileType = text.json; path = "Los Angeles.json"; sourceTree = "<group>"; };
		96BA63331EC1624A00813EED /* Miami.json */ = {isa = PBXFileReference; fileEncoding = 4; lastKnownFileType = text.json; path = Miami.json; sourceTree = "<group>"; };
		96BA63341EC1624A00813EED /* New Orleans.json */ = {isa = PBXFileReference; fileEncoding = 4; lastKnownFileType = text.json; path = "New Orleans.json"; sourceTree = "<group>"; };
		96BA63351EC1624A00813EED /* New York.json */ = {isa = PBXFileReference; fileEncoding = 4; lastKnownFileType = text.json; path = "New York.json"; sourceTree = "<group>"; };
		96BA63361EC1624A00813EED /* Philadelphia.json */ = {isa = PBXFileReference; fileEncoding = 4; lastKnownFileType = text.json; path = Philadelphia.json; sourceTree = "<group>"; };
		96BA63371EC1624A00813EED /* Portland.json */ = {isa = PBXFileReference; fileEncoding = 4; lastKnownFileType = text.json; path = Portland.json; sourceTree = "<group>"; };
		96BA63381EC1624A00813EED /* San Antonio.json */ = {isa = PBXFileReference; fileEncoding = 4; lastKnownFileType = text.json; path = "San Antonio.json"; sourceTree = "<group>"; };
		96BA63391EC1624A00813EED /* San Francisco.json */ = {isa = PBXFileReference; fileEncoding = 4; lastKnownFileType = text.json; path = "San Francisco.json"; sourceTree = "<group>"; };
		96BA63481EC1634900813EED /* RestaurantAPIManager.swift */ = {isa = PBXFileReference; fileEncoding = 4; lastKnownFileType = sourcecode.swift; name = RestaurantAPIManager.swift; path = ../LetsEat/RestaurantAPIManager.swift; sourceTree = "<group>"; };
		96BA634C1EC184E100813EED /* RestaurantCell.swift */ = {isa = PBXFileReference; fileEncoding = 4; lastKnownFileType = sourcecode.swift; path = RestaurantCell.swift; sourceTree = "<group>"; };
		96BA634F1EC185D100813EED /* RestaurantDataManager.swift */ = {isa = PBXFileReference; fileEncoding = 4; lastKnownFileType = sourcecode.swift; name = RestaurantDataManager.swift; path = ../LetsEat/RestaurantDataManager.swift; sourceTree = "<group>"; };
		96EED9141ED3A7920050730F /* LocationList.storyboard */ = {isa = PBXFileReference; fileEncoding = 4; lastKnownFileType = file.storyboard; path = LocationList.storyboard; sourceTree = "<group>"; };
		96F617231ECD04F400953A14 /* Device.swift */ = {isa = PBXFileReference; fileEncoding = 4; lastKnownFileType = sourcecode.swift; path = Device.swift; sourceTree = "<group>"; };
		96F6172A1ECD3DB700953A14 /* Messages.framework */ = {isa = PBXFileReference; lastKnownFileType = wrapper.framework; name = Messages.framework; path = System/Library/Frameworks/Messages.framework; sourceTree = SDKROOT; };
		96F617401ECD3DF500953A14 /* MessageApp.appex */ = {isa = PBXFileReference; explicitFileType = "wrapper.app-extension"; includeInIndex = 0; path = MessageApp.appex; sourceTree = BUILT_PRODUCTS_DIR; };
		96F617431ECD3DF500953A14 /* MessagesViewController.swift */ = {isa = PBXFileReference; lastKnownFileType = sourcecode.swift; path = MessagesViewController.swift; sourceTree = "<group>"; };
		96F617461ECD3DF500953A14 /* Base */ = {isa = PBXFileReference; lastKnownFileType = file.storyboard; name = Base; path = Base.lproj/MainInterface.storyboard; sourceTree = "<group>"; };
		96F6174A1ECD3DF500953A14 /* Info.plist */ = {isa = PBXFileReference; lastKnownFileType = text.plist.xml; path = Info.plist; sourceTree = "<group>"; };
		96F617511ECD3E6700953A14 /* Assets.xcassets */ = {isa = PBXFileReference; lastKnownFileType = folder.assetcatalog; path = Assets.xcassets; sourceTree = "<group>"; };
		96F617581ECD41EF00953A14 /* LetsEatDataKit.framework */ = {isa = PBXFileReference; explicitFileType = wrapper.framework; includeInIndex = 0; path = LetsEatDataKit.framework; sourceTree = BUILT_PRODUCTS_DIR; };
		96F6175A1ECD41EF00953A14 /* LetsEatDataKit.h */ = {isa = PBXFileReference; lastKnownFileType = sourcecode.c.h; path = LetsEatDataKit.h; sourceTree = "<group>"; };
		96F6175B1ECD41EF00953A14 /* Info.plist */ = {isa = PBXFileReference; lastKnownFileType = text.plist.xml; path = Info.plist; sourceTree = "<group>"; };
		96F617891ECD481500953A14 /* RestaurantMessageCell.swift */ = {isa = PBXFileReference; fileEncoding = 4; lastKnownFileType = sourcecode.swift; path = RestaurantMessageCell.swift; sourceTree = "<group>"; };
		96F649C51EC9193800A1F0BD /* LetsEatModel.xcdatamodel */ = {isa = PBXFileReference; lastKnownFileType = wrapper.xcdatamodel; path = LetsEatModel.xcdatamodel; sourceTree = "<group>"; };
		96F649C71EC91AA200A1F0BD /* ReviewItem.swift */ = {isa = PBXFileReference; fileEncoding = 4; lastKnownFileType = sourcecode.swift; path = ReviewItem.swift; sourceTree = "<group>"; };
		96F649C91EC91DDC00A1F0BD /* CoreDataManager.swift */ = {isa = PBXFileReference; fileEncoding = 4; lastKnownFileType = sourcecode.swift; path = CoreDataManager.swift; sourceTree = "<group>"; };
		96F649CB1EC9232000A1F0BD /* ReviewDataManager.swift */ = {isa = PBXFileReference; fileEncoding = 4; lastKnownFileType = sourcecode.swift; path = ReviewDataManager.swift; sourceTree = "<group>"; };
		96F649CD1EC92BAF00A1F0BD /* Rating.swift */ = {isa = PBXFileReference; fileEncoding = 4; lastKnownFileType = sourcecode.swift; path = Rating.swift; sourceTree = "<group>"; };
		96F649CF1EC92DDA00A1F0BD /* RatingView.swift */ = {isa = PBXFileReference; fileEncoding = 4; lastKnownFileType = sourcecode.swift; path = RatingView.swift; sourceTree = "<group>"; };
		96F649D31EC932D300A1F0BD /* RatingView.xib */ = {isa = PBXFileReference; fileEncoding = 4; lastKnownFileType = file.xib; path = RatingView.xib; sourceTree = "<group>"; };
		96F649D51EC9350D00A1F0BD /* StarRatingViewController.swift */ = {isa = PBXFileReference; fileEncoding = 4; lastKnownFileType = sourcecode.swift; path = StarRatingViewController.swift; sourceTree = "<group>"; };
		96F649D91EC949B300A1F0BD /* ReviewListViewController.swift */ = {isa = PBXFileReference; fileEncoding = 4; lastKnownFileType = sourcecode.swift; path = ReviewListViewController.swift; sourceTree = "<group>"; };
		96F649DB1EC94B3100A1F0BD /* ReviewCell.swift */ = {isa = PBXFileReference; fileEncoding = 4; lastKnownFileType = sourcecode.swift; path = ReviewCell.swift; sourceTree = "<group>"; };
/* End PBXFileReference section */

/* Begin PBXFrameworksBuildPhase section */
		964E7D101EBD7EBF003B2CFD /* Frameworks */ = {
			isa = PBXFrameworksBuildPhase;
			buildActionMask = 2147483647;
			files = (
				96F6175F1ECD41EF00953A14 /* LetsEatDataKit.framework in Frameworks */,
				964E7D3B1EBD99E6003B2CFD /* MapKit.framework in Frameworks */,
			);
			runOnlyForDeploymentPostprocessing = 0;
		};
		969209881ECE6FA300AE6A58 /* Frameworks */ = {
			isa = PBXFrameworksBuildPhase;
			buildActionMask = 2147483647;
			files = (
				9692098F1ECE6FA400AE6A58 /* UserNotificationsUI.framework in Frameworks */,
				9692098D1ECE6FA400AE6A58 /* UserNotifications.framework in Frameworks */,
			);
			runOnlyForDeploymentPostprocessing = 0;
		};
		96F6173D1ECD3DF500953A14 /* Frameworks */ = {
			isa = PBXFrameworksBuildPhase;
			buildActionMask = 2147483647;
			files = (
				96F617411ECD3DF500953A14 /* Messages.framework in Frameworks */,
			);
			runOnlyForDeploymentPostprocessing = 0;
		};
		96F617541ECD41EF00953A14 /* Frameworks */ = {
			isa = PBXFrameworksBuildPhase;
			buildActionMask = 2147483647;
			files = (
			);
			runOnlyForDeploymentPostprocessing = 0;
		};
/* End PBXFrameworksBuildPhase section */

/* Begin PBXGroup section */
		961496961EC6B6D000E3E415 /* Controller */ = {
			isa = PBXGroup;
			children = (
				9614969B1EC6B71600E3E415 /* Apply Filter */,
				9614969A1EC6B70200E3E415 /* Star Rating */,
				9614969C1EC6B75200E3E415 /* CreateReviewViewControllerTableViewController.swift */,
			);
			name = Controller;
			sourceTree = "<group>";
		};
		961496971EC6B6DA00E3E415 /* Model */ = {
			isa = PBXGroup;
			children = (
				964628EF1EC7A18A00A9A599 /* FilterData.plist */,
				964628F11EC7C91600A9A599 /* FilterItem.swift */,
				964628F31EC7C9F400A9A599 /* FilterManager.swift */,
				964628F51EC7CB9500A9A599 /* ImageFiltering.swift */,
				964628F71EC7CF3500A9A599 /* PhotoItem.swift */,
				96F649C71EC91AA200A1F0BD /* ReviewItem.swift */,
				96F649CB1EC9232000A1F0BD /* ReviewDataManager.swift */,
				96F649CD1EC92BAF00A1F0BD /* Rating.swift */,
			);
			name = Model;
			sourceTree = "<group>";
		};
		961496981EC6B6DF00E3E415 /* View */ = {
			isa = PBXGroup;
			children = (
				96F649CF1EC92DDA00A1F0BD /* RatingView.swift */,
				96F649D31EC932D300A1F0BD /* RatingView.xib */,
			);
			name = View;
			sourceTree = "<group>";
		};
		9614969A1EC6B70200E3E415 /* Star Rating */ = {
			isa = PBXGroup;
			children = (
				96F649D51EC9350D00A1F0BD /* StarRatingViewController.swift */,
			);
			name = "Star Rating";
			sourceTree = "<group>";
		};
		9614969B1EC6B71600E3E415 /* Apply Filter */ = {
			isa = PBXGroup;
			children = (
				964628F91EC7D73500A9A599 /* ApplyFilterViewController.swift */,
			);
			name = "Apply Filter";
			sourceTree = "<group>";
		};
		9640DFA01EBE69E90026CB77 /* Controller */ = {
			isa = PBXGroup;
			children = (
				9640DFA31EBE6FF00026CB77 /* ExploreViewController.swift */,
			);
			name = Controller;
			sourceTree = "<group>";
		};
		9640DFA11EBE69F50026CB77 /* View */ = {
			isa = PBXGroup;
			children = (
				965F64781EBF7C2B0056060F /* ExploreCell.swift */,
			);
			name = View;
			sourceTree = "<group>";
		};
		9640DFA21EBE69FB0026CB77 /* Model */ = {
			isa = PBXGroup;
			children = (
				965F64741EBF75EF0056060F /* ExploreData.plist */,
				9640DFA51EBEAFA00026CB77 /* ExploreItem.swift */,
				965F64761EBF77550056060F /* ExploreDataManager.swift */,
			);
			name = Model;
			sourceTree = "<group>";
		};
		964E7D0A1EBD7EBF003B2CFD = {
			isa = PBXGroup;
			children = (
				964E7D151EBD7EBF003B2CFD /* LetsEat */,
				96F617421ECD3DF500953A14 /* MessageApp */,
				96F617591ECD41EF00953A14 /* LetsEatDataKit */,
				969209901ECE6FA400AE6A58 /* LetsEatContentExtension */,
				964E7D141EBD7EBF003B2CFD /* Products */,
				964E7D391EBD99E6003B2CFD /* Frameworks */,
			);
			sourceTree = "<group>";
		};
		964E7D141EBD7EBF003B2CFD /* Products */ = {
			isa = PBXGroup;
			children = (
				964E7D131EBD7EBF003B2CFD /* LetsEat.app */,
				96F617401ECD3DF500953A14 /* MessageApp.appex */,
				96F617581ECD41EF00953A14 /* LetsEatDataKit.framework */,
				9692098B1ECE6FA300AE6A58 /* LetsEatContentExtension.appex */,
			);
			name = Products;
			sourceTree = "<group>";
		};
		964E7D151EBD7EBF003B2CFD /* LetsEat */ = {
			isa = PBXGroup;
			children = (
				964E7D421EBD9C0E003B2CFD /* Application */,
				964E7D411EBD9C05003B2CFD /* Assets */,
			);
			path = LetsEat;
			sourceTree = "<group>";
		};
		964E7D391EBD99E6003B2CFD /* Frameworks */ = {
			isa = PBXGroup;
			children = (
				964E7D3A1EBD99E6003B2CFD /* MapKit.framework */,
				96F6172A1ECD3DB700953A14 /* Messages.framework */,
				9692098C1ECE6FA400AE6A58 /* UserNotifications.framework */,
				9692098E1ECE6FA400AE6A58 /* UserNotificationsUI.framework */,
			);
			name = Frameworks;
			sourceTree = "<group>";
		};
		964E7D411EBD9C05003B2CFD /* Assets */ = {
			isa = PBXGroup;
			children = (
				964E7D221EBD7EBF003B2CFD /* Info.plist */,
				964E7D441EBD9C2E003B2CFD /* Storyboard */,
				964E7D431EBD9C1B003B2CFD /* Images */,
			);
			name = Assets;
			sourceTree = "<group>";
		};
		964E7D421EBD9C0E003B2CFD /* Application */ = {
			isa = PBXGroup;
			children = (
				964E7D4C1EBD9CCA003B2CFD /* Main */,
				964E7D4B1EBD9CBF003B2CFD /* Explore */,
				964E7D4A1EBD9CB0003B2CFD /* Restaurant */,
				964E7D491EBD9CA9003B2CFD /* Map */,
				964E7D481EBD9C7E003B2CFD /* Location */,
				964E7D471EBD9C72003B2CFD /* Review */,
				964E7D461EBD9C55003B2CFD /* Review List */,
				964E7D451EBD9C47003B2CFD /* Common */,
			);
			name = Application;
			sourceTree = "<group>";
		};
		964E7D431EBD9C1B003B2CFD /* Images */ = {
			isa = PBXGroup;
			children = (
				964E7D281EBD80D2003B2CFD /* assets.xcassets */,
				9692097F1ECE667800AE6A58 /* sample-restaurant-img.png */,
				969209801ECE667800AE6A58 /* sample-restaurant-img@2x.png */,
				969209811ECE667800AE6A58 /* sample-restaurant-img@3x.png */,
			);
			name = Images;
			sourceTree = "<group>";
		};
		964E7D441EBD9C2E003B2CFD /* Storyboard */ = {
			isa = PBXGroup;
			children = (
				964E7D3C1EBD9A9C003B2CFD /* Explore.storyboard */,
				96EED9141ED3A7920050730F /* LocationList.storyboard */,
				965F64961EC028140056060F /* RestaurantDetail.storyboard */,
				964E7D1A1EBD7EBF003B2CFD /* Main.storyboard */,
				964E7D3E1EBD9AF6003B2CFD /* Map.storyboard */,
				964E7D1F1EBD7EBF003B2CFD /* LaunchScreen.storyboard */,
			);
			name = Storyboard;
			sourceTree = "<group>";
		};
		964E7D451EBD9C47003B2CFD /* Common */ = {
			isa = PBXGroup;
			children = (
				96F649C01EC8FFAC00A1F0BD /* Core Data */,
				965F64911EC00CF60056060F /* Misc */,
			);
			name = Common;
			sourceTree = "<group>";
		};
		964E7D461EBD9C55003B2CFD /* Review List */ = {
			isa = PBXGroup;
			children = (
				96F649D81EC9499B00A1F0BD /* View */,
				96F649D71EC9498A00A1F0BD /* Controller */,
			);
			name = "Review List";
			sourceTree = "<group>";
		};
		964E7D471EBD9C72003B2CFD /* Review */ = {
			isa = PBXGroup;
			children = (
				961496981EC6B6DF00E3E415 /* View */,
				961496971EC6B6DA00E3E415 /* Model */,
				961496961EC6B6D000E3E415 /* Controller */,
			);
			name = Review;
			sourceTree = "<group>";
		};
		964E7D481EBD9C7E003B2CFD /* Location */ = {
			isa = PBXGroup;
			children = (
				965F64811EBF8D1C0056060F /* Model */,
				965F64801EBF8D140056060F /* View */,
				965F647F1EBF8D060056060F /* Controller */,
			);
			name = Location;
			sourceTree = "<group>";
		};
		964E7D491EBD9CA9003B2CFD /* Map */ = {
			isa = PBXGroup;
			children = (
				965F648A1EC0012C0056060F /* Model */,
				965F64881EC0004F0056060F /* Controller */,
			);
			name = Map;
			sourceTree = "<group>";
		};
		964E7D4A1EBD9CB0003B2CFD /* Restaurant */ = {
			isa = PBXGroup;
			children = (
				965F649C1EC0308E0056060F /* RestaurantDetail */,
				965F647A1EBF81700056060F /* Restaurant List */,
			);
			name = Restaurant;
			sourceTree = "<group>";
		};
		964E7D4B1EBD9CBF003B2CFD /* Explore */ = {
			isa = PBXGroup;
			children = (
				9640DFA21EBE69FB0026CB77 /* Model */,
				9640DFA11EBE69F50026CB77 /* View */,
				9640DFA01EBE69E90026CB77 /* Controller */,
			);
			name = Explore;
			sourceTree = "<group>";
		};
		964E7D4C1EBD9CCA003B2CFD /* Main */ = {
			isa = PBXGroup;
			children = (
				964E7D161EBD7EBF003B2CFD /* AppDelegate.swift */,
			);
			name = Main;
			sourceTree = "<group>";
		};
		965F647A1EBF81700056060F /* Restaurant List */ = {
			isa = PBXGroup;
			children = (
				96BA634E1EC185B300813EED /* Model */,
				965F647C1EBF81950056060F /* View */,
				965F647B1EBF818C0056060F /* Controller */,
			);
			name = "Restaurant List";
			sourceTree = "<group>";
		};
		965F647B1EBF818C0056060F /* Controller */ = {
			isa = PBXGroup;
			children = (
				965F647D1EBF81CD0056060F /* RestaurantListViewController.swift */,
			);
			name = Controller;
			sourceTree = "<group>";
		};
		965F647C1EBF81950056060F /* View */ = {
			isa = PBXGroup;
			children = (
				96BA634C1EC184E100813EED /* RestaurantCell.swift */,
			);
			name = View;
			sourceTree = "<group>";
		};
		965F647F1EBF8D060056060F /* Controller */ = {
			isa = PBXGroup;
			children = (
				965F64821EBF8D3A0056060F /* LocationViewController.swift */,
			);
			name = Controller;
			sourceTree = "<group>";
		};
		965F64801EBF8D140056060F /* View */ = {
			isa = PBXGroup;
			children = (
			);
			name = View;
			sourceTree = "<group>";
		};
		965F64811EBF8D1C0056060F /* Model */ = {
			isa = PBXGroup;
			children = (
				965F64841EBF90490056060F /* Location.plist */,
				965F64861EBF91520056060F /* LocationDataManager.swift */,
			);
			name = Model;
			sourceTree = "<group>";
		};
		965F64881EC0004F0056060F /* Controller */ = {
			isa = PBXGroup;
			children = (
				965F64941EC00F6D0056060F /* MapViewController.swift */,
			);
			name = Controller;
			sourceTree = "<group>";
		};
		965F648A1EC0012C0056060F /* Model */ = {
			isa = PBXGroup;
			children = (
				965F648B1EC0016F0056060F /* MapLocations.plist */,
				965F648F1EC008FC0056060F /* MapDataManager.swift */,
			);
			name = Model;
			sourceTree = "<group>";
		};
		965F64911EC00CF60056060F /* Misc */ = {
			isa = PBXGroup;
			children = (
				965F64921EC00D0D0056060F /* DataManager.swift */,
				965F64981EC029B30056060F /* Segue.swift */,
				96F617231ECD04F400953A14 /* Device.swift */,
				969209851ECE6B1000AE6A58 /* Identifier.swift */,
				969BC4431ED0CF1200E0445F /* Shortcut.swift */,
			);
			name = Misc;
			sourceTree = "<group>";
		};
		965F649C1EC0308E0056060F /* RestaurantDetail */ = {
			isa = PBXGroup;
			children = (
				965F649D1EC030BC0056060F /* RestaurantDetailViewController.swift */,
			);
			name = RestaurantDetail;
			sourceTree = "<group>";
		};
		969209901ECE6FA400AE6A58 /* LetsEatContentExtension */ = {
			isa = PBXGroup;
			children = (
				969209911ECE6FA400AE6A58 /* NotificationViewController.swift */,
				969209931ECE6FA400AE6A58 /* MainInterface.storyboard */,
				969209961ECE6FA400AE6A58 /* Info.plist */,
			);
			path = LetsEatContentExtension;
			sourceTree = "<group>";
		};
		96BA632A1EC161E000813EED /* API Manager */ = {
			isa = PBXGroup;
			children = (
				96BA632B1EC161F000813EED /* json */,
			);
			name = "API Manager";
			path = ../LetsEat;
			sourceTree = "<group>";
		};
		96BA632B1EC161F000813EED /* json */ = {
			isa = PBXGroup;
			children = (
				96BA632C1EC1624A00813EED /* Aspen.json */,
				96BA632D1EC1624A00813EED /* Boston.json */,
				96BA632E1EC1624A00813EED /* Charleston.json */,
				96BA632F1EC1624A00813EED /* Chicago.json */,
				96BA63301EC1624A00813EED /* Houston.json */,
				96BA63311EC1624A00813EED /* Las Vegas.json */,
				96BA63321EC1624A00813EED /* Los Angeles.json */,
				96BA63331EC1624A00813EED /* Miami.json */,
				96BA63341EC1624A00813EED /* New Orleans.json */,
				96BA63351EC1624A00813EED /* New York.json */,
				96BA63361EC1624A00813EED /* Philadelphia.json */,
				96BA63371EC1624A00813EED /* Portland.json */,
				96BA63381EC1624A00813EED /* San Antonio.json */,
				96BA63391EC1624A00813EED /* San Francisco.json */,
			);
			name = json;
			sourceTree = "<group>";
		};
		96BA634E1EC185B300813EED /* Model */ = {
			isa = PBXGroup;
			children = (
			);
			name = Model;
			sourceTree = "<group>";
		};
		96F617421ECD3DF500953A14 /* MessageApp */ = {
			isa = PBXGroup;
			children = (
				96F617431ECD3DF500953A14 /* MessagesViewController.swift */,
				96F617451ECD3DF500953A14 /* MainInterface.storyboard */,
				96F617511ECD3E6700953A14 /* Assets.xcassets */,
				96F6174A1ECD3DF500953A14 /* Info.plist */,
				96F617891ECD481500953A14 /* RestaurantMessageCell.swift */,
			);
			path = MessageApp;
			sourceTree = "<group>";
		};
		96F617591ECD41EF00953A14 /* LetsEatDataKit */ = {
			isa = PBXGroup;
			children = (
				96F617651ECD425000953A14 /* Restaurant */,
				96F6175A1ECD41EF00953A14 /* LetsEatDataKit.h */,
				96F6175B1ECD41EF00953A14 /* Info.plist */,
			);
			path = LetsEatDataKit;
			sourceTree = "<group>";
		};
		96F617651ECD425000953A14 /* Restaurant */ = {
			isa = PBXGroup;
			children = (
				96BA632A1EC161E000813EED /* API Manager */,
				96BA634F1EC185D100813EED /* RestaurantDataManager.swift */,
				965F648D1EC003E60056060F /* RestaurantAnnotation.swift */,
				965F649A1EC02B820056060F /* RestaurantItem.swift */,
				96BA63481EC1634900813EED /* RestaurantAPIManager.swift */,
			);
			name = Restaurant;
			sourceTree = "<group>";
		};
		96F649C01EC8FFAC00A1F0BD /* Core Data */ = {
			isa = PBXGroup;
			children = (
				96F649C41EC9193800A1F0BD /* LetsEatModel.xcdatamodeld */,
				96F649C91EC91DDC00A1F0BD /* CoreDataManager.swift */,
			);
			name = "Core Data";
			sourceTree = "<group>";
		};
		96F649D71EC9498A00A1F0BD /* Controller */ = {
			isa = PBXGroup;
			children = (
				96F649D91EC949B300A1F0BD /* ReviewListViewController.swift */,
			);
			name = Controller;
			sourceTree = "<group>";
		};
		96F649D81EC9499B00A1F0BD /* View */ = {
			isa = PBXGroup;
			children = (
				96F649DB1EC94B3100A1F0BD /* ReviewCell.swift */,
			);
			name = View;
			sourceTree = "<group>";
		};
/* End PBXGroup section */

/* Begin PBXHeadersBuildPhase section */
		96F617551ECD41EF00953A14 /* Headers */ = {
			isa = PBXHeadersBuildPhase;
			buildActionMask = 2147483647;
			files = (
				96F6175C1ECD41EF00953A14 /* LetsEatDataKit.h in Headers */,
			);
			runOnlyForDeploymentPostprocessing = 0;
		};
/* End PBXHeadersBuildPhase section */

/* Begin PBXNativeTarget section */
		964E7D121EBD7EBF003B2CFD /* LetsEat */ = {
			isa = PBXNativeTarget;
			buildConfigurationList = 964E7D251EBD7EBF003B2CFD /* Build configuration list for PBXNativeTarget "LetsEat" */;
			buildPhases = (
				964E7D0F1EBD7EBF003B2CFD /* Sources */,
				964E7D101EBD7EBF003B2CFD /* Frameworks */,
				964E7D111EBD7EBF003B2CFD /* Resources */,
				96F6173B1ECD3DB700953A14 /* Embed App Extensions */,
				96F617641ECD41EF00953A14 /* Embed Frameworks */,
			);
			buildRules = (
			);
			dependencies = (
				96F6174C1ECD3DF500953A14 /* PBXTargetDependency */,
				96F6175E1ECD41EF00953A14 /* PBXTargetDependency */,
				969209981ECE6FA400AE6A58 /* PBXTargetDependency */,
			);
			name = LetsEat;
			productName = LetsEat;
			productReference = 964E7D131EBD7EBF003B2CFD /* LetsEat.app */;
			productType = "com.apple.product-type.application";
		};
		9692098A1ECE6FA300AE6A58 /* LetsEatContentExtension */ = {
			isa = PBXNativeTarget;
			buildConfigurationList = 9692099A1ECE6FA400AE6A58 /* Build configuration list for PBXNativeTarget "LetsEatContentExtension" */;
			buildPhases = (
				969209871ECE6FA300AE6A58 /* Sources */,
				969209881ECE6FA300AE6A58 /* Frameworks */,
				969209891ECE6FA300AE6A58 /* Resources */,
			);
			buildRules = (
			);
			dependencies = (
			);
			name = LetsEatContentExtension;
			productName = LetsEatContentExtension;
			productReference = 9692098B1ECE6FA300AE6A58 /* LetsEatContentExtension.appex */;
			productType = "com.apple.product-type.app-extension";
		};
		96F6173F1ECD3DF500953A14 /* MessageApp */ = {
			isa = PBXNativeTarget;
			buildConfigurationList = 96F6174E1ECD3DF500953A14 /* Build configuration list for PBXNativeTarget "MessageApp" */;
			buildPhases = (
				96F6173C1ECD3DF500953A14 /* Sources */,
				96F6173D1ECD3DF500953A14 /* Frameworks */,
				96F6173E1ECD3DF500953A14 /* Resources */,
			);
			buildRules = (
			);
			dependencies = (
			);
			name = MessageApp;
			productName = MessageApp;
			productReference = 96F617401ECD3DF500953A14 /* MessageApp.appex */;
			productType = "com.apple.product-type.app-extension.messages";
		};
		96F617571ECD41EF00953A14 /* LetsEatDataKit */ = {
			isa = PBXNativeTarget;
			buildConfigurationList = 96F617611ECD41EF00953A14 /* Build configuration list for PBXNativeTarget "LetsEatDataKit" */;
			buildPhases = (
				96F617531ECD41EF00953A14 /* Sources */,
				96F617541ECD41EF00953A14 /* Frameworks */,
				96F617551ECD41EF00953A14 /* Headers */,
				96F617561ECD41EF00953A14 /* Resources */,
			);
			buildRules = (
			);
			dependencies = (
			);
			name = LetsEatDataKit;
			productName = LetsEatDataKit;
			productReference = 96F617581ECD41EF00953A14 /* LetsEatDataKit.framework */;
			productType = "com.apple.product-type.framework";
		};
/* End PBXNativeTarget section */

/* Begin PBXProject section */
		964E7D0B1EBD7EBF003B2CFD /* Project object */ = {
			isa = PBXProject;
			attributes = {
				LastSwiftUpdateCheck = 0830;
				LastUpgradeCheck = 0830;
				ORGANIZATIONNAME = "Roman Subrychak";
				TargetAttributes = {
					964E7D121EBD7EBF003B2CFD = {
						CreatedOnToolsVersion = 8.3.2;
						DevelopmentTeam = 238S5T6M6S;
						ProvisioningStyle = Automatic;
					};
					9692098A1ECE6FA300AE6A58 = {
						CreatedOnToolsVersion = 8.3.2;
						DevelopmentTeam = 238S5T6M6S;
						ProvisioningStyle = Automatic;
					};
					96F6173F1ECD3DF500953A14 = {
						CreatedOnToolsVersion = 8.3.2;
						DevelopmentTeam = 238S5T6M6S;
						ProvisioningStyle = Automatic;
					};
					96F617571ECD41EF00953A14 = {
						CreatedOnToolsVersion = 8.3.2;
						DevelopmentTeam = 238S5T6M6S;
						ProvisioningStyle = Automatic;
					};
				};
			};
			buildConfigurationList = 964E7D0E1EBD7EBF003B2CFD /* Build configuration list for PBXProject "LetsEat" */;
			compatibilityVersion = "Xcode 3.2";
			developmentRegion = English;
			hasScannedForEncodings = 0;
			knownRegions = (
				en,
				Base,
			);
			mainGroup = 964E7D0A1EBD7EBF003B2CFD;
			productRefGroup = 964E7D141EBD7EBF003B2CFD /* Products */;
			projectDirPath = "";
			projectRoot = "";
			targets = (
				964E7D121EBD7EBF003B2CFD /* LetsEat */,
				96F6173F1ECD3DF500953A14 /* MessageApp */,
				96F617571ECD41EF00953A14 /* LetsEatDataKit */,
				9692098A1ECE6FA300AE6A58 /* LetsEatContentExtension */,
			);
		};
/* End PBXProject section */

/* Begin PBXResourcesBuildPhase section */
		964E7D111EBD7EBF003B2CFD /* Resources */ = {
			isa = PBXResourcesBuildPhase;
			buildActionMask = 2147483647;
			files = (
				964E7D3D1EBD9A9C003B2CFD /* Explore.storyboard in Resources */,
				96F649D41EC932D300A1F0BD /* RatingView.xib in Resources */,
				964E7D211EBD7EBF003B2CFD /* LaunchScreen.storyboard in Resources */,
				96EED9151ED3A7920050730F /* LocationList.storyboard in Resources */,
				969209831ECE667800AE6A58 /* sample-restaurant-img@2x.png in Resources */,
				969209841ECE667800AE6A58 /* sample-restaurant-img@3x.png in Resources */,
				964E7D401EBD9AF6003B2CFD /* Map.storyboard in Resources */,
				96BA63451EC1624A00813EED /* Portland.json in Resources */,
				96BA633A1EC1624A00813EED /* Aspen.json in Resources */,
				964E7D1C1EBD7EBF003B2CFD /* Main.storyboard in Resources */,
				96BA63461EC1624A00813EED /* San Antonio.json in Resources */,
				96BA63401EC1624A00813EED /* Los Angeles.json in Resources */,
				96BA633B1EC1624A00813EED /* Boston.json in Resources */,
				96BA633F1EC1624A00813EED /* Las Vegas.json in Resources */,
				96BA63431EC1624A00813EED /* New York.json in Resources */,
				969209821ECE667800AE6A58 /* sample-restaurant-img.png in Resources */,
				96BA633C1EC1624A00813EED /* Charleston.json in Resources */,
				96BA633D1EC1624A00813EED /* Chicago.json in Resources */,
				96BA63411EC1624A00813EED /* Miami.json in Resources */,
				965F64751EBF75EF0056060F /* ExploreData.plist in Resources */,
				964E7D291EBD80D2003B2CFD /* assets.xcassets in Resources */,
				96BA63441EC1624A00813EED /* Philadelphia.json in Resources */,
				96BA633E1EC1624A00813EED /* Houston.json in Resources */,
				964628F01EC7A18A00A9A599 /* FilterData.plist in Resources */,
				96BA63421EC1624A00813EED /* New Orleans.json in Resources */,
				965F648C1EC0016F0056060F /* MapLocations.plist in Resources */,
				96BA63471EC1624A00813EED /* San Francisco.json in Resources */,
				965F64971EC028140056060F /* RestaurantDetail.storyboard in Resources */,
				965F64851EBF90490056060F /* Location.plist in Resources */,
			);
			runOnlyForDeploymentPostprocessing = 0;
		};
		969209891ECE6FA300AE6A58 /* Resources */ = {
			isa = PBXResourcesBuildPhase;
			buildActionMask = 2147483647;
			files = (
				969209951ECE6FA400AE6A58 /* MainInterface.storyboard in Resources */,
			);
			runOnlyForDeploymentPostprocessing = 0;
		};
		96F6173E1ECD3DF500953A14 /* Resources */ = {
			isa = PBXResourcesBuildPhase;
			buildActionMask = 2147483647;
			files = (
				96F617721ECD43C700953A14 /* New York.json in Resources */,
				96F617711ECD43C700953A14 /* New Orleans.json in Resources */,
				96F617691ECD43B000953A14 /* Charleston.json in Resources */,
				96F617741ECD43C700953A14 /* Portland.json in Resources */,
				96F617761ECD43C700953A14 /* San Francisco.json in Resources */,
				96F617681ECD43B000953A14 /* Boston.json in Resources */,
				96F6176C1ECD43C700953A14 /* Chicago.json in Resources */,
				96F617731ECD43C700953A14 /* Philadelphia.json in Resources */,
				96F617751ECD43C700953A14 /* San Antonio.json in Resources */,
				96F6176F1ECD43C700953A14 /* Los Angeles.json in Resources */,
				96F6176D1ECD43C700953A14 /* Houston.json in Resources */,
				96F6176E1ECD43C700953A14 /* Las Vegas.json in Resources */,
				96F617521ECD3E6700953A14 /* Assets.xcassets in Resources */,
				96F617661ECD43A800953A14 /* Aspen.json in Resources */,
				96F617471ECD3DF500953A14 /* MainInterface.storyboard in Resources */,
				96F617701ECD43C700953A14 /* Miami.json in Resources */,
			);
			runOnlyForDeploymentPostprocessing = 0;
		};
		96F617561ECD41EF00953A14 /* Resources */ = {
			isa = PBXResourcesBuildPhase;
			buildActionMask = 2147483647;
			files = (
				96F617791ECD43C800953A14 /* Las Vegas.json in Resources */,
				96F6177A1ECD43C800953A14 /* Los Angeles.json in Resources */,
				96F6177E1ECD43C800953A14 /* Philadelphia.json in Resources */,
				96F6176B1ECD43B100953A14 /* Charleston.json in Resources */,
				96F6176A1ECD43B100953A14 /* Boston.json in Resources */,
				96F6177D1ECD43C800953A14 /* New York.json in Resources */,
				96F617811ECD43C800953A14 /* San Francisco.json in Resources */,
				96F617771ECD43C800953A14 /* Chicago.json in Resources */,
				96F617801ECD43C800953A14 /* San Antonio.json in Resources */,
				96F6177C1ECD43C800953A14 /* New Orleans.json in Resources */,
				96F617671ECD43A900953A14 /* Aspen.json in Resources */,
				96F6177F1ECD43C800953A14 /* Portland.json in Resources */,
				96F617781ECD43C800953A14 /* Houston.json in Resources */,
				96F6177B1ECD43C800953A14 /* Miami.json in Resources */,
			);
			runOnlyForDeploymentPostprocessing = 0;
		};
/* End PBXResourcesBuildPhase section */

/* Begin PBXSourcesBuildPhase section */
		964E7D0F1EBD7EBF003B2CFD /* Sources */ = {
			isa = PBXSourcesBuildPhase;
			buildActionMask = 2147483647;
			files = (
				965F64831EBF8D3A0056060F /* LocationViewController.swift in Sources */,
				96F649D61EC9350D00A1F0BD /* StarRatingViewController.swift in Sources */,
				9614969D1EC6B75200E3E415 /* CreateReviewViewControllerTableViewController.swift in Sources */,
				96F617241ECD04F400953A14 /* Device.swift in Sources */,
				964628F61EC7CB9500A9A599 /* ImageFiltering.swift in Sources */,
				969BC4441ED0CF1200E0445F /* Shortcut.swift in Sources */,
				96F649D01EC92DDA00A1F0BD /* RatingView.swift in Sources */,
				96F649DA1EC949B300A1F0BD /* ReviewListViewController.swift in Sources */,
				965F64791EBF7C2B0056060F /* ExploreCell.swift in Sources */,
				96F649CA1EC91DDC00A1F0BD /* CoreDataManager.swift in Sources */,
				96F649DC1EC94B3100A1F0BD /* ReviewCell.swift in Sources */,
				964628F41EC7C9F400A9A599 /* FilterManager.swift in Sources */,
				965F64871EBF91520056060F /* LocationDataManager.swift in Sources */,
				965F64991EC029B30056060F /* Segue.swift in Sources */,
				96BA634D1EC184E100813EED /* RestaurantCell.swift in Sources */,
				965F64901EC008FC0056060F /* MapDataManager.swift in Sources */,
				965F647E1EBF81CD0056060F /* RestaurantListViewController.swift in Sources */,
				96F649C81EC91AA200A1F0BD /* ReviewItem.swift in Sources */,
				965F649E1EC030BC0056060F /* RestaurantDetailViewController.swift in Sources */,
				964628FA1EC7D73500A9A599 /* ApplyFilterViewController.swift in Sources */,
				964628F81EC7CF3500A9A599 /* PhotoItem.swift in Sources */,
				9640DFA41EBE6FF00026CB77 /* ExploreViewController.swift in Sources */,
				964628F21EC7C91600A9A599 /* FilterItem.swift in Sources */,
				969209861ECE6B1000AE6A58 /* Identifier.swift in Sources */,
				965F64951EC00F6D0056060F /* MapViewController.swift in Sources */,
				96F649CE1EC92BAF00A1F0BD /* Rating.swift in Sources */,
				964E7D171EBD7EBF003B2CFD /* AppDelegate.swift in Sources */,
				965F64931EC00D0D0056060F /* DataManager.swift in Sources */,
				96F649C61EC9193800A1F0BD /* LetsEatModel.xcdatamodeld in Sources */,
				96F649CC1EC9232000A1F0BD /* ReviewDataManager.swift in Sources */,
				9640DFA61EBEAFA00026CB77 /* ExploreItem.swift in Sources */,
				965F64771EBF77550056060F /* ExploreDataManager.swift in Sources */,
			);
			runOnlyForDeploymentPostprocessing = 0;
		};
		969209871ECE6FA300AE6A58 /* Sources */ = {
			isa = PBXSourcesBuildPhase;
			buildActionMask = 2147483647;
			files = (
				969209921ECE6FA400AE6A58 /* NotificationViewController.swift in Sources */,
			);
			runOnlyForDeploymentPostprocessing = 0;
		};
		96F6173C1ECD3DF500953A14 /* Sources */ = {
			isa = PBXSourcesBuildPhase;
			buildActionMask = 2147483647;
			files = (
				96F6178A1ECD481500953A14 /* RestaurantMessageCell.swift in Sources */,
				96F617441ECD3DF500953A14 /* MessagesViewController.swift in Sources */,
			);
			runOnlyForDeploymentPostprocessing = 0;
		};
		96F617531ECD41EF00953A14 /* Sources */ = {
			isa = PBXSourcesBuildPhase;
			buildActionMask = 2147483647;
			files = (
				96F617821ECD43EA00953A14 /* RestaurantDataManager.swift in Sources */,
				96F617871ECD43F300953A14 /* RestaurantItem.swift in Sources */,
				96F617861ECD43F300953A14 /* RestaurantAnnotation.swift in Sources */,
				96F617881ECD43F300953A14 /* RestaurantAPIManager.swift in Sources */,
			);
			runOnlyForDeploymentPostprocessing = 0;
		};
/* End PBXSourcesBuildPhase section */

/* Begin PBXTargetDependency section */
		969209981ECE6FA400AE6A58 /* PBXTargetDependency */ = {
			isa = PBXTargetDependency;
			target = 9692098A1ECE6FA300AE6A58 /* LetsEatContentExtension */;
			targetProxy = 969209971ECE6FA400AE6A58 /* PBXContainerItemProxy */;
		};
		96F6174C1ECD3DF500953A14 /* PBXTargetDependency */ = {
			isa = PBXTargetDependency;
			target = 96F6173F1ECD3DF500953A14 /* MessageApp */;
			targetProxy = 96F6174B1ECD3DF500953A14 /* PBXContainerItemProxy */;
		};
		96F6175E1ECD41EF00953A14 /* PBXTargetDependency */ = {
			isa = PBXTargetDependency;
			target = 96F617571ECD41EF00953A14 /* LetsEatDataKit */;
			targetProxy = 96F6175D1ECD41EF00953A14 /* PBXContainerItemProxy */;
		};
/* End PBXTargetDependency section */

/* Begin PBXVariantGroup section */
		964E7D1A1EBD7EBF003B2CFD /* Main.storyboard */ = {
			isa = PBXVariantGroup;
			children = (
				964E7D1B1EBD7EBF003B2CFD /* Base */,
			);
			name = Main.storyboard;
			sourceTree = "<group>";
		};
		964E7D1F1EBD7EBF003B2CFD /* LaunchScreen.storyboard */ = {
			isa = PBXVariantGroup;
			children = (
				964E7D201EBD7EBF003B2CFD /* Base */,
			);
			name = LaunchScreen.storyboard;
			sourceTree = "<group>";
		};
		964E7D3E1EBD9AF6003B2CFD /* Map.storyboard */ = {
			isa = PBXVariantGroup;
			children = (
				964E7D3F1EBD9AF6003B2CFD /* Base */,
			);
			name = Map.storyboard;
			sourceTree = "<group>";
		};
		969209931ECE6FA400AE6A58 /* MainInterface.storyboard */ = {
			isa = PBXVariantGroup;
			children = (
				969209941ECE6FA400AE6A58 /* Base */,
			);
			name = MainInterface.storyboard;
			sourceTree = "<group>";
		};
		96F617451ECD3DF500953A14 /* MainInterface.storyboard */ = {
			isa = PBXVariantGroup;
			children = (
				96F617461ECD3DF500953A14 /* Base */,
			);
			name = MainInterface.storyboard;
			sourceTree = "<group>";
		};
/* End PBXVariantGroup section */

/* Begin XCBuildConfiguration section */
		964E7D231EBD7EBF003B2CFD /* Debug */ = {
			isa = XCBuildConfiguration;
			buildSettings = {
				ALWAYS_SEARCH_USER_PATHS = NO;
				CLANG_ANALYZER_NONNULL = YES;
				CLANG_ANALYZER_NUMBER_OBJECT_CONVERSION = YES_AGGRESSIVE;
				CLANG_CXX_LANGUAGE_STANDARD = "gnu++0x";
				CLANG_CXX_LIBRARY = "libc++";
				CLANG_ENABLE_MODULES = YES;
				CLANG_ENABLE_OBJC_ARC = YES;
				CLANG_WARN_BOOL_CONVERSION = YES;
				CLANG_WARN_CONSTANT_CONVERSION = YES;
				CLANG_WARN_DIRECT_OBJC_ISA_USAGE = YES_ERROR;
				CLANG_WARN_DOCUMENTATION_COMMENTS = YES;
				CLANG_WARN_EMPTY_BODY = YES;
				CLANG_WARN_ENUM_CONVERSION = YES;
				CLANG_WARN_INFINITE_RECURSION = YES;
				CLANG_WARN_INT_CONVERSION = YES;
				CLANG_WARN_OBJC_ROOT_CLASS = YES_ERROR;
				CLANG_WARN_SUSPICIOUS_MOVE = YES;
				CLANG_WARN_UNREACHABLE_CODE = YES;
				CLANG_WARN__DUPLICATE_METHOD_MATCH = YES;
				"CODE_SIGN_IDENTITY[sdk=iphoneos*]" = "iPhone Developer";
				COPY_PHASE_STRIP = NO;
				DEBUG_INFORMATION_FORMAT = dwarf;
				ENABLE_STRICT_OBJC_MSGSEND = YES;
				ENABLE_TESTABILITY = YES;
				GCC_C_LANGUAGE_STANDARD = gnu99;
				GCC_DYNAMIC_NO_PIC = NO;
				GCC_NO_COMMON_BLOCKS = YES;
				GCC_OPTIMIZATION_LEVEL = 0;
				GCC_PREPROCESSOR_DEFINITIONS = (
					"DEBUG=1",
					"$(inherited)",
				);
				GCC_WARN_64_TO_32_BIT_CONVERSION = YES;
				GCC_WARN_ABOUT_RETURN_TYPE = YES_ERROR;
				GCC_WARN_UNDECLARED_SELECTOR = YES;
				GCC_WARN_UNINITIALIZED_AUTOS = YES_AGGRESSIVE;
				GCC_WARN_UNUSED_FUNCTION = YES;
				GCC_WARN_UNUSED_VARIABLE = YES;
				IPHONEOS_DEPLOYMENT_TARGET = 10.3;
				MTL_ENABLE_DEBUG_INFO = YES;
				ONLY_ACTIVE_ARCH = YES;
				SDKROOT = iphoneos;
				SWIFT_ACTIVE_COMPILATION_CONDITIONS = DEBUG;
				SWIFT_OPTIMIZATION_LEVEL = "-Onone";
				TARGETED_DEVICE_FAMILY = "1,2";
			};
			name = Debug;
		};
		964E7D241EBD7EBF003B2CFD /* Release */ = {
			isa = XCBuildConfiguration;
			buildSettings = {
				ALWAYS_SEARCH_USER_PATHS = NO;
				CLANG_ANALYZER_NONNULL = YES;
				CLANG_ANALYZER_NUMBER_OBJECT_CONVERSION = YES_AGGRESSIVE;
				CLANG_CXX_LANGUAGE_STANDARD = "gnu++0x";
				CLANG_CXX_LIBRARY = "libc++";
				CLANG_ENABLE_MODULES = YES;
				CLANG_ENABLE_OBJC_ARC = YES;
				CLANG_WARN_BOOL_CONVERSION = YES;
				CLANG_WARN_CONSTANT_CONVERSION = YES;
				CLANG_WARN_DIRECT_OBJC_ISA_USAGE = YES_ERROR;
				CLANG_WARN_DOCUMENTATION_COMMENTS = YES;
				CLANG_WARN_EMPTY_BODY = YES;
				CLANG_WARN_ENUM_CONVERSION = YES;
				CLANG_WARN_INFINITE_RECURSION = YES;
				CLANG_WARN_INT_CONVERSION = YES;
				CLANG_WARN_OBJC_ROOT_CLASS = YES_ERROR;
				CLANG_WARN_SUSPICIOUS_MOVE = YES;
				CLANG_WARN_UNREACHABLE_CODE = YES;
				CLANG_WARN__DUPLICATE_METHOD_MATCH = YES;
				"CODE_SIGN_IDENTITY[sdk=iphoneos*]" = "iPhone Developer";
				COPY_PHASE_STRIP = NO;
				DEBUG_INFORMATION_FORMAT = "dwarf-with-dsym";
				ENABLE_NS_ASSERTIONS = NO;
				ENABLE_STRICT_OBJC_MSGSEND = YES;
				GCC_C_LANGUAGE_STANDARD = gnu99;
				GCC_NO_COMMON_BLOCKS = YES;
				GCC_WARN_64_TO_32_BIT_CONVERSION = YES;
				GCC_WARN_ABOUT_RETURN_TYPE = YES_ERROR;
				GCC_WARN_UNDECLARED_SELECTOR = YES;
				GCC_WARN_UNINITIALIZED_AUTOS = YES_AGGRESSIVE;
				GCC_WARN_UNUSED_FUNCTION = YES;
				GCC_WARN_UNUSED_VARIABLE = YES;
				IPHONEOS_DEPLOYMENT_TARGET = 10.3;
				MTL_ENABLE_DEBUG_INFO = NO;
				SDKROOT = iphoneos;
				SWIFT_OPTIMIZATION_LEVEL = "-Owholemodule";
				TARGETED_DEVICE_FAMILY = "1,2";
				VALIDATE_PRODUCT = YES;
			};
			name = Release;
		};
		964E7D261EBD7EBF003B2CFD /* Debug */ = {
			isa = XCBuildConfiguration;
			buildSettings = {
				ALWAYS_EMBED_SWIFT_STANDARD_LIBRARIES = YES;
				ASSETCATALOG_COMPILER_APPICON_NAME = AppIcon;
				DEVELOPMENT_TEAM = 238S5T6M6S;
				INFOPLIST_FILE = LetsEat/Info.plist;
				LD_RUNPATH_SEARCH_PATHS = "$(inherited) @executable_path/Frameworks";
				PRODUCT_BUNDLE_IDENTIFIER = com.roman.subrychak.LetsEat;
				PRODUCT_NAME = "$(TARGET_NAME)";
				SWIFT_VERSION = 3.0;
				TARGETED_DEVICE_FAMILY = "1,2";
			};
			name = Debug;
		};
		964E7D271EBD7EBF003B2CFD /* Release */ = {
			isa = XCBuildConfiguration;
			buildSettings = {
				ALWAYS_EMBED_SWIFT_STANDARD_LIBRARIES = YES;
				ASSETCATALOG_COMPILER_APPICON_NAME = AppIcon;
				DEVELOPMENT_TEAM = 238S5T6M6S;
				INFOPLIST_FILE = LetsEat/Info.plist;
				LD_RUNPATH_SEARCH_PATHS = "$(inherited) @executable_path/Frameworks";
				PRODUCT_BUNDLE_IDENTIFIER = com.roman.subrychak.LetsEat;
				PRODUCT_NAME = "$(TARGET_NAME)";
				SWIFT_VERSION = 3.0;
				TARGETED_DEVICE_FAMILY = "1,2";
			};
			name = Release;
		};
		9692099B1ECE6FA400AE6A58 /* Debug */ = {
			isa = XCBuildConfiguration;
			buildSettings = {
				DEVELOPMENT_TEAM = 238S5T6M6S;
				INFOPLIST_FILE = LetsEatContentExtension/Info.plist;
				LD_RUNPATH_SEARCH_PATHS = "$(inherited) @executable_path/Frameworks @executable_path/../../Frameworks";
				PRODUCT_BUNDLE_IDENTIFIER = com.roman.subrychak.LetsEat.LetsEatContentExtension;
				PRODUCT_NAME = "$(TARGET_NAME)";
				SKIP_INSTALL = YES;
				SWIFT_VERSION = 3.0;
			};
			name = Debug;
		};
		9692099C1ECE6FA400AE6A58 /* Release */ = {
			isa = XCBuildConfiguration;
			buildSettings = {
				DEVELOPMENT_TEAM = 238S5T6M6S;
				INFOPLIST_FILE = LetsEatContentExtension/Info.plist;
				LD_RUNPATH_SEARCH_PATHS = "$(inherited) @executable_path/Frameworks @executable_path/../../Frameworks";
				PRODUCT_BUNDLE_IDENTIFIER = com.roman.subrychak.LetsEat.LetsEatContentExtension;
				PRODUCT_NAME = "$(TARGET_NAME)";
				SKIP_INSTALL = YES;
				SWIFT_VERSION = 3.0;
			};
			name = Release;
		};
		96F6174F1ECD3DF500953A14 /* Debug */ = {
			isa = XCBuildConfiguration;
			buildSettings = {
				ASSETCATALOG_COMPILER_APPICON_NAME = "iMessage App Icon";
				DEVELOPMENT_TEAM = 238S5T6M6S;
				INFOPLIST_FILE = MessageApp/Info.plist;
				LD_RUNPATH_SEARCH_PATHS = "$(inherited) @executable_path/Frameworks @executable_path/../../Frameworks";
				PRODUCT_BUNDLE_IDENTIFIER = com.roman.subrychak.LetsEat.MessageApp;
				PRODUCT_NAME = "$(TARGET_NAME)";
				SKIP_INSTALL = YES;
				SWIFT_VERSION = 3.0;
			};
			name = Debug;
		};
		96F617501ECD3DF500953A14 /* Release */ = {
			isa = XCBuildConfiguration;
			buildSettings = {
				ASSETCATALOG_COMPILER_APPICON_NAME = "iMessage App Icon";
				DEVELOPMENT_TEAM = 238S5T6M6S;
				INFOPLIST_FILE = MessageApp/Info.plist;
				LD_RUNPATH_SEARCH_PATHS = "$(inherited) @executable_path/Frameworks @executable_path/../../Frameworks";
				PRODUCT_BUNDLE_IDENTIFIER = com.roman.subrychak.LetsEat.MessageApp;
				PRODUCT_NAME = "$(TARGET_NAME)";
				SKIP_INSTALL = YES;
				SWIFT_VERSION = 3.0;
			};
			name = Release;
		};
		96F617621ECD41EF00953A14 /* Debug */ = {
			isa = XCBuildConfiguration;
			buildSettings = {
				APPLICATION_EXTENSION_API_ONLY = YES;
				CODE_SIGN_IDENTITY = "";
				"CODE_SIGN_IDENTITY[sdk=iphoneos*]" = "iPhone Developer";
				CURRENT_PROJECT_VERSION = 1;
				DEFINES_MODULE = YES;
				DEVELOPMENT_TEAM = 238S5T6M6S;
				DYLIB_COMPATIBILITY_VERSION = 1;
				DYLIB_CURRENT_VERSION = 1;
				DYLIB_INSTALL_NAME_BASE = "@rpath";
				INFOPLIST_FILE = LetsEatDataKit/Info.plist;
				INSTALL_PATH = "$(LOCAL_LIBRARY_DIR)/Frameworks";
				LD_RUNPATH_SEARCH_PATHS = "$(inherited) @executable_path/Frameworks @loader_path/Frameworks";
				PRODUCT_BUNDLE_IDENTIFIER = com.roman.subrychak.LetsEatDataKit;
				PRODUCT_NAME = "$(TARGET_NAME)";
				SKIP_INSTALL = YES;
				SWIFT_VERSION = 3.0;
				VERSIONING_SYSTEM = "apple-generic";
				VERSION_INFO_PREFIX = "";
			};
			name = Debug;
		};
		96F617631ECD41EF00953A14 /* Release */ = {
			isa = XCBuildConfiguration;
			buildSettings = {
				APPLICATION_EXTENSION_API_ONLY = YES;
				CODE_SIGN_IDENTITY = "";
				CURRENT_PROJECT_VERSION = 1;
				DEFINES_MODULE = YES;
				DEVELOPMENT_TEAM = 238S5T6M6S;
				DYLIB_COMPATIBILITY_VERSION = 1;
				DYLIB_CURRENT_VERSION = 1;
				DYLIB_INSTALL_NAME_BASE = "@rpath";
				INFOPLIST_FILE = LetsEatDataKit/Info.plist;
				INSTALL_PATH = "$(LOCAL_LIBRARY_DIR)/Frameworks";
				LD_RUNPATH_SEARCH_PATHS = "$(inherited) @executable_path/Frameworks @loader_path/Frameworks";
				PRODUCT_BUNDLE_IDENTIFIER = com.roman.subrychak.LetsEatDataKit;
				PRODUCT_NAME = "$(TARGET_NAME)";
				SKIP_INSTALL = YES;
				SWIFT_VERSION = 3.0;
				VERSIONING_SYSTEM = "apple-generic";
				VERSION_INFO_PREFIX = "";
			};
			name = Release;
		};
/* End XCBuildConfiguration section */

/* Begin XCConfigurationList section */
		964E7D0E1EBD7EBF003B2CFD /* Build configuration list for PBXProject "LetsEat" */ = {
			isa = XCConfigurationList;
			buildConfigurations = (
				964E7D231EBD7EBF003B2CFD /* Debug */,
				964E7D241EBD7EBF003B2CFD /* Release */,
			);
			defaultConfigurationIsVisible = 0;
			defaultConfigurationName = Release;
		};
		964E7D251EBD7EBF003B2CFD /* Build configuration list for PBXNativeTarget "LetsEat" */ = {
			isa = XCConfigurationList;
			buildConfigurations = (
				964E7D261EBD7EBF003B2CFD /* Debug */,
				964E7D271EBD7EBF003B2CFD /* Release */,
			);
			defaultConfigurationIsVisible = 0;
			defaultConfigurationName = Release;
		};
		9692099A1ECE6FA400AE6A58 /* Build configuration list for PBXNativeTarget "LetsEatContentExtension" */ = {
			isa = XCConfigurationList;
			buildConfigurations = (
				9692099B1ECE6FA400AE6A58 /* Debug */,
				9692099C1ECE6FA400AE6A58 /* Release */,
			);
			defaultConfigurationIsVisible = 0;
			defaultConfigurationName = Release;
		};
		96F6174E1ECD3DF500953A14 /* Build configuration list for PBXNativeTarget "MessageApp" */ = {
			isa = XCConfigurationList;
			buildConfigurations = (
				96F6174F1ECD3DF500953A14 /* Debug */,
				96F617501ECD3DF500953A14 /* Release */,
			);
			defaultConfigurationIsVisible = 0;
			defaultConfigurationName = Release;
		};
		96F617611ECD41EF00953A14 /* Build configuration list for PBXNativeTarget "LetsEatDataKit" */ = {
			isa = XCConfigurationList;
			buildConfigurations = (
				96F617621ECD41EF00953A14 /* Debug */,
				96F617631ECD41EF00953A14 /* Release */,
			);
			defaultConfigurationIsVisible = 0;
			defaultConfigurationName = Release;
		};
/* End XCConfigurationList section */

/* Begin XCVersionGroup section */
		96F649C41EC9193800A1F0BD /* LetsEatModel.xcdatamodeld */ = {
			isa = XCVersionGroup;
			children = (
				96F649C51EC9193800A1F0BD /* LetsEatModel.xcdatamodel */,
			);
			currentVersion = 96F649C51EC9193800A1F0BD /* LetsEatModel.xcdatamodel */;
			path = LetsEatModel.xcdatamodeld;
			sourceTree = "<group>";
			versionGroupType = wrapper.xcdatamodel;
		};
/* End XCVersionGroup section */
	};
	rootObject = 964E7D0B1EBD7EBF003B2CFD /* Project object */;
}
